
Microsoft Visual Studio Solution File, Format Version 12.00
# Visual Studio Version 17
VisualStudioVersion = 17.8.34322.80
MinimumVisualStudioVersion = 10.0.40219.1
Project("{8BC9CEB8-8B4A-11D0-8D11-00A0C91BC942}") = "FirstLab", "Labs\FirstLab\FirstLab.vcxproj", "{AC14DD89-7A06-44D5-8127-1B09C8D90BEF}"
EndProject
Project("{2150E333-8FDC-42A3-9474-1A3956D46DE8}") = "Labs", "Labs", "{5E1A9A4E-050B-4F3F-946D-879BA58F11C2}"
EndProject
Project("{2150E333-8FDC-42A3-9474-1A3956D46DE8}") = "Examples", "Examples", "{86D52A97-F22A-43ED-92A0-502A30181793}"
EndProject
Project("{8BC9CEB8-8B4A-11D0-8D11-00A0C91BC942}") = "Vars", "Examples\Vars\Vars.vcxproj", "{B2E62BF8-8BF0-451B-97BD-454CBD418747}"
EndProject
Project("{8BC9CEB8-8B4A-11D0-8D11-00A0C91BC942}") = "Variables", "Labs\Variables\Variables.vcxproj", "{FDEF987E-532F-4F94-82F5-1C86E3F4D72E}"
EndProject
Project("{2150E333-8FDC-42A3-9474-1A3956D46DE8}") = "Solutions", "Solutions", "{ED6CFF29-2D1A-49F1-9BEC-FCEDB1E0E3DC}"
EndProject
Project("{8BC9CEB8-8B4A-11D0-8D11-00A0C91BC942}") = "VariablesSolution", "Solutions\VariablesSolution\VariablesSolution.vcxproj", "{2ECE5E9F-F5E4-40B3-A44C-8BB954C5A17B}"
EndProject
Project("{2150E333-8FDC-42A3-9474-1A3956D46DE8}") = "Solution Items", "Solution Items", "{BE45C8C7-2D1D-4885-B078-C17BFF37F4C8}"
	ProjectSection(SolutionItems) = preProject
		Labs\Readme.md = Labs\Readme.md
		Readme.md = Readme.md
	EndProjectSection
EndProject
Project("{8BC9CEB8-8B4A-11D0-8D11-00A0C91BC942}") = "FileOrganization", "Labs\FileOrganization\FileOrganization.vcxproj", "{5DE1049D-5B11-4D5C-843D-11396E1F0904}"
EndProject
Project("{8BC9CEB8-8B4A-11D0-8D11-00A0C91BC942}") = "FileOrganizationSolution", "Solutions\FileOrganizationSolution\FileOrganizationSolution.vcxproj", "{F3F08797-E635-4F4F-BCFF-DBA34BCBD12D}"
EndProject
Project("{8BC9CEB8-8B4A-11D0-8D11-00A0C91BC942}") = "F2C", "Labs\F2C\F2C.vcxproj", "{205240E9-D1B0-49E3-B19B-782DCC6308B6}"
EndProject
Project("{8BC9CEB8-8B4A-11D0-8D11-00A0C91BC942}") = "F2CSolution", "Solutions\F2CSolution\F2CSolution.vcxproj", "{9138ED57-3E30-403F-9637-8CC14CECD17B}"
EndProject
Project("{8BC9CEB8-8B4A-11D0-8D11-00A0C91BC942}") = "ForLoop", "Labs\ForLoop\ForLoop.vcxproj", "{9BB9CDB4-7C9C-4AA7-B88B-5297EBA5D5D2}"
EndProject
Project("{8BC9CEB8-8B4A-11D0-8D11-00A0C91BC942}") = "ForLoopSolution", "Solutions\ForLoopSolution\ForLoopSolution.vcxproj", "{7CC177BD-96B9-4EFE-B7E9-31103BC7C285}"
EndProject
Project("{8BC9CEB8-8B4A-11D0-8D11-00A0C91BC942}") = "WhileLoop", "Labs\WhileLoop\WhileLoop.vcxproj", "{2C88E092-5D70-4043-9D01-002E6358C6A7}"
EndProject
Project("{8BC9CEB8-8B4A-11D0-8D11-00A0C91BC942}") = "WhileLoopSolution", "Solutions\WhileLoopSolution\WhileLoopSolution.vcxproj", "{0606C1BF-B477-44E7-8B9B-BCF2B9240936}"
EndProject
Project("{8BC9CEB8-8B4A-11D0-8D11-00A0C91BC942}") = "Conditionals", "Labs\Conditionals\Conditionals.vcxproj", "{F98A83B4-F1D9-4058-9524-F628D546AD50}"
EndProject
Project("{8BC9CEB8-8B4A-11D0-8D11-00A0C91BC942}") = "ConditionalsSolution", "Solutions\ConditionalsSolution\ConditionalsSolution.vcxproj", "{99185BB5-F3A0-4B5C-8D54-4925FAEF0E1F}"
EndProject
Project("{8BC9CEB8-8B4A-11D0-8D11-00A0C91BC942}") = "SwitchCase", "Examples\SwitchCase\SwitchCase.vcxproj", "{3F80F754-7280-451E-948A-AFB73CCA0775}"
EndProject
Project("{8BC9CEB8-8B4A-11D0-8D11-00A0C91BC942}") = "SwitchCase", "Labs\SwitchCase\SwitchCase.vcxproj", "{03C02AE3-91DE-4FB0-AD7E-1C03C1C60BD6}"
EndProject
Project("{8BC9CEB8-8B4A-11D0-8D11-00A0C91BC942}") = "SwitchCaseSolution", "Solutions\SwitchCaseSolution\SwitchCaseSolution.vcxproj", "{0EBADEF3-CE6A-4D7B-983E-9BF0C9C5EF9C}"
EndProject
Project("{8BC9CEB8-8B4A-11D0-8D11-00A0C91BC942}") = "Struct", "Labs\Struct\Struct.vcxproj", "{EB5CDC99-7F80-42C4-AEB2-E15BAC2CC3CD}"
EndProject
Project("{8BC9CEB8-8B4A-11D0-8D11-00A0C91BC942}") = "Arrays", "Labs\Arrays\Arrays.vcxproj", "{3C833439-A287-407A-96D6-FE2EC3ABA9E5}"
EndProject
Project("{8BC9CEB8-8B4A-11D0-8D11-00A0C91BC942}") = "StructSolution", "Solutions\StructSolution\StructSolution.vcxproj", "{35A3CB89-74F7-4F6F-B085-E0FA7EA1B062}"
EndProject
Project("{8BC9CEB8-8B4A-11D0-8D11-00A0C91BC942}") = "ArraysSolution", "Solutions\ArraysSolution\ArraysSolution.vcxproj", "{E99561C3-594E-4ACC-882B-A8014A96E6FB}"
EndProject
Project("{8BC9CEB8-8B4A-11D0-8D11-00A0C91BC942}") = "Strings", "Examples\Strings\Strings.vcxproj", "{28D0CB6D-46E7-4D57-9E65-3FF3FBC9DF5F}"
EndProject
Project("{8BC9CEB8-8B4A-11D0-8D11-00A0C91BC942}") = "Strings", "Labs\Strings\Strings.vcxproj", "{47B54A4D-B1FA-4E24-BD85-5AD12EC9F199}"
EndProject
Project("{8BC9CEB8-8B4A-11D0-8D11-00A0C91BC942}") = "StringsSolution", "Solutions\StringsSolution\StringsSolution.vcxproj", "{0C4D5C8B-65FE-4FA6-9DAC-F97AC71EBC9A}"
EndProject
Project("{FAE04EC0-301F-11D3-BF4B-00C04F79EFBC}") = "CSharpStrings", "Examples\CSharpStrings\CSharpStrings.csproj", "{E332925B-D6B0-439D-8049-108AF718619B}"
EndProject
Project("{8BC9CEB8-8B4A-11D0-8D11-00A0C91BC942}") = "IntegerBubbleSort", "Examples\IntegerBubbleSort\IntegerBubbleSort.vcxproj", "{B86209A9-2D67-47F8-B392-364EED069835}"
EndProject
Project("{8BC9CEB8-8B4A-11D0-8D11-00A0C91BC942}") = "BubbleSort", "Labs\BubbleSort\BubbleSort.vcxproj", "{CE503223-4D7B-4C9B-9A53-6AA7DC0570BF}"
EndProject
Project("{8BC9CEB8-8B4A-11D0-8D11-00A0C91BC942}") = "BubbleSortSolution", "Solutions\BubbleSortSolution\BubbleSortSolution.vcxproj", "{209B0FB5-1FD1-43A1-A3CF-45E097999E2B}"
EndProject
Project("{8BC9CEB8-8B4A-11D0-8D11-00A0C91BC942}") = "F2CFunction", "Labs\F2CFunction\F2CFunction.vcxproj", "{3CD01EE6-89A5-4B37-A787-998F378C7735}"
EndProject
Project("{8BC9CEB8-8B4A-11D0-8D11-00A0C91BC942}") = "F2CFunctionSolution", "Solutions\F2CFunctionSolution\F2CFunctionSolution.vcxproj", "{681BE81E-CED8-4715-9C7A-11965F4DC75E}"
EndProject
Project("{8BC9CEB8-8B4A-11D0-8D11-00A0C91BC942}") = "Pointers", "Labs\Pointers\Pointers.vcxproj", "{32816DA6-0B18-4B00-9D2B-54025951DA27}"
EndProject
Project("{8BC9CEB8-8B4A-11D0-8D11-00A0C91BC942}") = "PointersSolution", "Solutions\PointersSolution\PointersSolution.vcxproj", "{3F8C12C0-11CC-4401-B36E-863D3360AB6C}"
EndProject
Project("{8BC9CEB8-8B4A-11D0-8D11-00A0C91BC942}") = "PointerExamples", "Examples\PointerExamples\PointerExamples.vcxproj", "{789C3613-40A2-4B00-A334-D431561B2A1C}"
EndProject
Project("{8BC9CEB8-8B4A-11D0-8D11-00A0C91BC942}") = "Functions2", "Labs\Functions2\Functions2.vcxproj", "{D3856CE9-B71C-49B7-A0F2-D4D6B5F94BF6}"
EndProject
Project("{8BC9CEB8-8B4A-11D0-8D11-00A0C91BC942}") = "Functions2Solution", "Solutions\Functions2Solution\Functions2Solution.vcxproj", "{F4F0CAB7-EE2F-4BFB-9DED-5DC4DAD60A3F}"
EndProject
Project("{8BC9CEB8-8B4A-11D0-8D11-00A0C91BC942}") = "Namespaces", "Labs\Namespaces\Namespaces.vcxproj", "{81D7706A-6C74-4002-8A3F-61120B83EB3D}"
EndProject
Project("{8BC9CEB8-8B4A-11D0-8D11-00A0C91BC942}") = "NamespacesSolution", "Solutions\NamespacesSolution\NamespacesSolution.vcxproj", "{0AC67C72-364A-468B-8154-16A54B7689A4}"
EndProject
Project("{8BC9CEB8-8B4A-11D0-8D11-00A0C91BC942}") = "IO", "Labs\IO\IO.vcxproj", "{6FFC738A-60CE-4531-9942-E1CF6CE841CB}"
EndProject
Project("{8BC9CEB8-8B4A-11D0-8D11-00A0C91BC942}") = "IOSolution", "Solutions\IOSolution\IOSolution.vcxproj", "{EE12DD31-0E88-4730-B996-5C17F9C494D0}"
EndProject
Project("{8BC9CEB8-8B4A-11D0-8D11-00A0C91BC942}") = "FirstClass", "Labs\FirstClass\FirstClass.vcxproj", "{CC7884A7-A19B-4945-9002-A6C09A11B537}"
EndProject
Project("{8BC9CEB8-8B4A-11D0-8D11-00A0C91BC942}") = "FirstClassSolution", "Solutions\FirstClassSolution\FirstClassSolution.vcxproj", "{C19CFA29-5BE3-49F8-9CA1-B21F648D271E}"
EndProject
Project("{8BC9CEB8-8B4A-11D0-8D11-00A0C91BC942}") = "PointersReferences", "Labs\PointersReferences\PointersReferences.vcxproj", "{56883DD8-ECA4-4D18-A643-CE2F42B0A29E}"
EndProject
Project("{8BC9CEB8-8B4A-11D0-8D11-00A0C91BC942}") = "PointersReferencesSolution", "Solutions\PointersReferencesSolution\PointersReferencesSolution.vcxproj", "{04D80A04-C2CD-4ABD-9FFE-F213540CC541}"
EndProject
Project("{8BC9CEB8-8B4A-11D0-8D11-00A0C91BC942}") = "CtorDtorSolution", "Solutions\CtorDtorSolution\CtorDtorSolution.vcxproj", "{FD5850CA-2EEF-4857-9A02-2AF13DDAFD6A}"
EndProject
Project("{8BC9CEB8-8B4A-11D0-8D11-00A0C91BC942}") = "CtorDtor", "Labs\CtorDtor\CtorDtor.vcxproj", "{1E2D4708-F5E1-4663-85D4-38667F52E9F3}"
EndProject
Project("{8BC9CEB8-8B4A-11D0-8D11-00A0C91BC942}") = "ConstSolution", "Solutions\ConstSolution\ConstSolution.vcxproj", "{406C18E4-2D9F-4B92-8B2C-CDB3DB3FF810}"
EndProject
Project("{8BC9CEB8-8B4A-11D0-8D11-00A0C91BC942}") = "Const", "Labs\Const\Const.vcxproj", "{B66F9938-BCFD-4040-8F35-BFC1DBD68A76}"
EndProject
Project("{8BC9CEB8-8B4A-11D0-8D11-00A0C91BC942}") = "static", "Examples\static\static.vcxproj", "{89749323-5CDB-4EB4-8BCE-8A9C9E0A586F}"
EndProject
Project("{8BC9CEB8-8B4A-11D0-8D11-00A0C91BC942}") = "Templates", "Labs\Templates\Templates.vcxproj", "{679C78BE-58C7-4CCF-95E8-B299A127F085}"
EndProject
Project("{8BC9CEB8-8B4A-11D0-8D11-00A0C91BC942}") = "TemplatesSolution", "Solutions\TemplatesSolution\TemplatesSolution.vcxproj", "{0DC98FD7-DE25-4634-9F3A-85B2C51C7104}"
EndProject
Project("{8BC9CEB8-8B4A-11D0-8D11-00A0C91BC942}") = "SmartPtrSolution", "Solutions\SmartPtrSolution\SmartPtrSolution.vcxproj", "{AD8B99EE-547B-4F35-B2AB-E3D78008587C}"
EndProject
Project("{8BC9CEB8-8B4A-11D0-8D11-00A0C91BC942}") = "SmartPtrs", "Labs\SmartPtrs\SmartPtrs.vcxproj", "{AF086CE6-1C7B-4CDD-9B07-D120DB3DA116}"
EndProject
Project("{8BC9CEB8-8B4A-11D0-8D11-00A0C91BC942}") = "Containers", "Labs\Containers\Containers.vcxproj", "{D1B13492-766D-4E47-91E9-15BD3DC7A9DD}"
EndProject
Project("{8BC9CEB8-8B4A-11D0-8D11-00A0C91BC942}") = "ContainersSolution", "Solutions\ContainersSolution\ContainersSolution.vcxproj", "{D940F91B-21D2-40B7-8D9B-3EAD8B2AEFCC}"
EndProject
Project("{8BC9CEB8-8B4A-11D0-8D11-00A0C91BC942}") = "InitializerList", "Labs\InitializerList\InitializerList.vcxproj", "{C04D4EDE-80B2-4938-AEA4-76FBFD8E6FEE}"
EndProject
Project("{8BC9CEB8-8B4A-11D0-8D11-00A0C91BC942}") = "InitializerListSolution", "Solutions\InitializerListSolution\InitializerListSolution.vcxproj", "{37E0BD28-6580-4CDE-A791-543B7AB20C84}"
EndProject
Project("{8BC9CEB8-8B4A-11D0-8D11-00A0C91BC942}") = "Inheritance", "Labs\Inheritance\Inheritance.vcxproj", "{85C5FB4F-C6E7-451D-B423-78DC4EF08F7E}"
EndProject
Project("{8BC9CEB8-8B4A-11D0-8D11-00A0C91BC942}") = "InheritanceSolution", "Solutions\InheritanceSolution\InheritanceSolution.vcxproj", "{6A39DCE9-7590-4439-8E97-CEBC7699E546}"
EndProject
Project("{8BC9CEB8-8B4A-11D0-8D11-00A0C91BC942}") = "PolymorphismSolution", "Solutions\PolyMorphismSolution\PolymorphismSolution.vcxproj", "{A267553A-630F-4D6E-813A-AA62E77BDFD8}"
EndProject
Project("{8BC9CEB8-8B4A-11D0-8D11-00A0C91BC942}") = "Polymorphism", "Labs\PolyMorphism\Polymorphism.vcxproj", "{D8AA16B3-CE1C-46F6-95D2-5A108FAD4C5D}"
EndProject
Project("{8BC9CEB8-8B4A-11D0-8D11-00A0C91BC942}") = "ExceptionsSolution", "Solutions\ExceptionsSolution\ExceptionsSolution.vcxproj", "{A75BCF4B-0E9F-408B-A895-DCBC46C37004}"
EndProject
Project("{8BC9CEB8-8B4A-11D0-8D11-00A0C91BC942}") = "Exceptions", "Labs\Exceptions\Exceptions.vcxproj", "{059E89F4-E52B-4E7B-9A17-FEB5DCEED3C7}"
EndProject
Global
	GlobalSection(SolutionConfigurationPlatforms) = preSolution
		Debug|Any CPU = Debug|Any CPU
		Debug|x64 = Debug|x64
		Debug|x86 = Debug|x86
		Release|Any CPU = Release|Any CPU
		Release|x64 = Release|x64
		Release|x86 = Release|x86
	EndGlobalSection
	GlobalSection(ProjectConfigurationPlatforms) = postSolution
		{AC14DD89-7A06-44D5-8127-1B09C8D90BEF}.Debug|Any CPU.ActiveCfg = Debug|x64
		{AC14DD89-7A06-44D5-8127-1B09C8D90BEF}.Debug|Any CPU.Build.0 = Debug|x64
		{AC14DD89-7A06-44D5-8127-1B09C8D90BEF}.Debug|x64.ActiveCfg = Debug|x64
		{AC14DD89-7A06-44D5-8127-1B09C8D90BEF}.Debug|x64.Build.0 = Debug|x64
		{AC14DD89-7A06-44D5-8127-1B09C8D90BEF}.Debug|x86.ActiveCfg = Debug|Win32
		{AC14DD89-7A06-44D5-8127-1B09C8D90BEF}.Debug|x86.Build.0 = Debug|Win32
		{AC14DD89-7A06-44D5-8127-1B09C8D90BEF}.Release|Any CPU.ActiveCfg = Release|x64
		{AC14DD89-7A06-44D5-8127-1B09C8D90BEF}.Release|Any CPU.Build.0 = Release|x64
		{AC14DD89-7A06-44D5-8127-1B09C8D90BEF}.Release|x64.ActiveCfg = Release|x64
		{AC14DD89-7A06-44D5-8127-1B09C8D90BEF}.Release|x64.Build.0 = Release|x64
		{AC14DD89-7A06-44D5-8127-1B09C8D90BEF}.Release|x86.ActiveCfg = Release|Win32
		{AC14DD89-7A06-44D5-8127-1B09C8D90BEF}.Release|x86.Build.0 = Release|Win32
		{B2E62BF8-8BF0-451B-97BD-454CBD418747}.Debug|Any CPU.ActiveCfg = Debug|x64
		{B2E62BF8-8BF0-451B-97BD-454CBD418747}.Debug|Any CPU.Build.0 = Debug|x64
		{B2E62BF8-8BF0-451B-97BD-454CBD418747}.Debug|x64.ActiveCfg = Debug|x64
		{B2E62BF8-8BF0-451B-97BD-454CBD418747}.Debug|x64.Build.0 = Debug|x64
		{B2E62BF8-8BF0-451B-97BD-454CBD418747}.Debug|x86.ActiveCfg = Debug|Win32
		{B2E62BF8-8BF0-451B-97BD-454CBD418747}.Debug|x86.Build.0 = Debug|Win32
		{B2E62BF8-8BF0-451B-97BD-454CBD418747}.Release|Any CPU.ActiveCfg = Release|x64
		{B2E62BF8-8BF0-451B-97BD-454CBD418747}.Release|Any CPU.Build.0 = Release|x64
		{B2E62BF8-8BF0-451B-97BD-454CBD418747}.Release|x64.ActiveCfg = Release|x64
		{B2E62BF8-8BF0-451B-97BD-454CBD418747}.Release|x64.Build.0 = Release|x64
		{B2E62BF8-8BF0-451B-97BD-454CBD418747}.Release|x86.ActiveCfg = Release|Win32
		{B2E62BF8-8BF0-451B-97BD-454CBD418747}.Release|x86.Build.0 = Release|Win32
		{FDEF987E-532F-4F94-82F5-1C86E3F4D72E}.Debug|Any CPU.ActiveCfg = Debug|x64
		{FDEF987E-532F-4F94-82F5-1C86E3F4D72E}.Debug|Any CPU.Build.0 = Debug|x64
		{FDEF987E-532F-4F94-82F5-1C86E3F4D72E}.Debug|x64.ActiveCfg = Debug|x64
		{FDEF987E-532F-4F94-82F5-1C86E3F4D72E}.Debug|x64.Build.0 = Debug|x64
		{FDEF987E-532F-4F94-82F5-1C86E3F4D72E}.Debug|x86.ActiveCfg = Debug|Win32
		{FDEF987E-532F-4F94-82F5-1C86E3F4D72E}.Debug|x86.Build.0 = Debug|Win32
		{FDEF987E-532F-4F94-82F5-1C86E3F4D72E}.Release|Any CPU.ActiveCfg = Release|x64
		{FDEF987E-532F-4F94-82F5-1C86E3F4D72E}.Release|Any CPU.Build.0 = Release|x64
		{FDEF987E-532F-4F94-82F5-1C86E3F4D72E}.Release|x64.ActiveCfg = Release|x64
		{FDEF987E-532F-4F94-82F5-1C86E3F4D72E}.Release|x64.Build.0 = Release|x64
		{FDEF987E-532F-4F94-82F5-1C86E3F4D72E}.Release|x86.ActiveCfg = Release|Win32
		{FDEF987E-532F-4F94-82F5-1C86E3F4D72E}.Release|x86.Build.0 = Release|Win32
		{2ECE5E9F-F5E4-40B3-A44C-8BB954C5A17B}.Debug|Any CPU.ActiveCfg = Debug|x64
		{2ECE5E9F-F5E4-40B3-A44C-8BB954C5A17B}.Debug|Any CPU.Build.0 = Debug|x64
		{2ECE5E9F-F5E4-40B3-A44C-8BB954C5A17B}.Debug|x64.ActiveCfg = Debug|x64
		{2ECE5E9F-F5E4-40B3-A44C-8BB954C5A17B}.Debug|x64.Build.0 = Debug|x64
		{2ECE5E9F-F5E4-40B3-A44C-8BB954C5A17B}.Debug|x86.ActiveCfg = Debug|Win32
		{2ECE5E9F-F5E4-40B3-A44C-8BB954C5A17B}.Debug|x86.Build.0 = Debug|Win32
		{2ECE5E9F-F5E4-40B3-A44C-8BB954C5A17B}.Release|Any CPU.ActiveCfg = Release|x64
		{2ECE5E9F-F5E4-40B3-A44C-8BB954C5A17B}.Release|Any CPU.Build.0 = Release|x64
		{2ECE5E9F-F5E4-40B3-A44C-8BB954C5A17B}.Release|x64.ActiveCfg = Release|x64
		{2ECE5E9F-F5E4-40B3-A44C-8BB954C5A17B}.Release|x64.Build.0 = Release|x64
		{2ECE5E9F-F5E4-40B3-A44C-8BB954C5A17B}.Release|x86.ActiveCfg = Release|Win32
		{2ECE5E9F-F5E4-40B3-A44C-8BB954C5A17B}.Release|x86.Build.0 = Release|Win32
		{5DE1049D-5B11-4D5C-843D-11396E1F0904}.Debug|Any CPU.ActiveCfg = Debug|x64
		{5DE1049D-5B11-4D5C-843D-11396E1F0904}.Debug|Any CPU.Build.0 = Debug|x64
		{5DE1049D-5B11-4D5C-843D-11396E1F0904}.Debug|x64.ActiveCfg = Debug|x64
		{5DE1049D-5B11-4D5C-843D-11396E1F0904}.Debug|x64.Build.0 = Debug|x64
		{5DE1049D-5B11-4D5C-843D-11396E1F0904}.Debug|x86.ActiveCfg = Debug|Win32
		{5DE1049D-5B11-4D5C-843D-11396E1F0904}.Debug|x86.Build.0 = Debug|Win32
		{5DE1049D-5B11-4D5C-843D-11396E1F0904}.Release|Any CPU.ActiveCfg = Release|x64
		{5DE1049D-5B11-4D5C-843D-11396E1F0904}.Release|Any CPU.Build.0 = Release|x64
		{5DE1049D-5B11-4D5C-843D-11396E1F0904}.Release|x64.ActiveCfg = Release|x64
		{5DE1049D-5B11-4D5C-843D-11396E1F0904}.Release|x64.Build.0 = Release|x64
		{5DE1049D-5B11-4D5C-843D-11396E1F0904}.Release|x86.ActiveCfg = Release|Win32
		{5DE1049D-5B11-4D5C-843D-11396E1F0904}.Release|x86.Build.0 = Release|Win32
		{F3F08797-E635-4F4F-BCFF-DBA34BCBD12D}.Debug|Any CPU.ActiveCfg = Debug|x64
		{F3F08797-E635-4F4F-BCFF-DBA34BCBD12D}.Debug|Any CPU.Build.0 = Debug|x64
		{F3F08797-E635-4F4F-BCFF-DBA34BCBD12D}.Debug|x64.ActiveCfg = Debug|x64
		{F3F08797-E635-4F4F-BCFF-DBA34BCBD12D}.Debug|x64.Build.0 = Debug|x64
		{F3F08797-E635-4F4F-BCFF-DBA34BCBD12D}.Debug|x86.ActiveCfg = Debug|Win32
		{F3F08797-E635-4F4F-BCFF-DBA34BCBD12D}.Debug|x86.Build.0 = Debug|Win32
		{F3F08797-E635-4F4F-BCFF-DBA34BCBD12D}.Release|Any CPU.ActiveCfg = Release|x64
		{F3F08797-E635-4F4F-BCFF-DBA34BCBD12D}.Release|Any CPU.Build.0 = Release|x64
		{F3F08797-E635-4F4F-BCFF-DBA34BCBD12D}.Release|x64.ActiveCfg = Release|x64
		{F3F08797-E635-4F4F-BCFF-DBA34BCBD12D}.Release|x64.Build.0 = Release|x64
		{F3F08797-E635-4F4F-BCFF-DBA34BCBD12D}.Release|x86.ActiveCfg = Release|Win32
		{F3F08797-E635-4F4F-BCFF-DBA34BCBD12D}.Release|x86.Build.0 = Release|Win32
		{205240E9-D1B0-49E3-B19B-782DCC6308B6}.Debug|Any CPU.ActiveCfg = Debug|x64
		{205240E9-D1B0-49E3-B19B-782DCC6308B6}.Debug|Any CPU.Build.0 = Debug|x64
		{205240E9-D1B0-49E3-B19B-782DCC6308B6}.Debug|x64.ActiveCfg = Debug|x64
		{205240E9-D1B0-49E3-B19B-782DCC6308B6}.Debug|x64.Build.0 = Debug|x64
		{205240E9-D1B0-49E3-B19B-782DCC6308B6}.Debug|x86.ActiveCfg = Debug|Win32
		{205240E9-D1B0-49E3-B19B-782DCC6308B6}.Debug|x86.Build.0 = Debug|Win32
		{205240E9-D1B0-49E3-B19B-782DCC6308B6}.Release|Any CPU.ActiveCfg = Release|x64
		{205240E9-D1B0-49E3-B19B-782DCC6308B6}.Release|Any CPU.Build.0 = Release|x64
		{205240E9-D1B0-49E3-B19B-782DCC6308B6}.Release|x64.ActiveCfg = Release|x64
		{205240E9-D1B0-49E3-B19B-782DCC6308B6}.Release|x64.Build.0 = Release|x64
		{205240E9-D1B0-49E3-B19B-782DCC6308B6}.Release|x86.ActiveCfg = Release|Win32
		{205240E9-D1B0-49E3-B19B-782DCC6308B6}.Release|x86.Build.0 = Release|Win32
		{9138ED57-3E30-403F-9637-8CC14CECD17B}.Debug|Any CPU.ActiveCfg = Debug|x64
		{9138ED57-3E30-403F-9637-8CC14CECD17B}.Debug|Any CPU.Build.0 = Debug|x64
		{9138ED57-3E30-403F-9637-8CC14CECD17B}.Debug|x64.ActiveCfg = Debug|x64
		{9138ED57-3E30-403F-9637-8CC14CECD17B}.Debug|x64.Build.0 = Debug|x64
		{9138ED57-3E30-403F-9637-8CC14CECD17B}.Debug|x86.ActiveCfg = Debug|Win32
		{9138ED57-3E30-403F-9637-8CC14CECD17B}.Debug|x86.Build.0 = Debug|Win32
		{9138ED57-3E30-403F-9637-8CC14CECD17B}.Release|Any CPU.ActiveCfg = Release|x64
		{9138ED57-3E30-403F-9637-8CC14CECD17B}.Release|Any CPU.Build.0 = Release|x64
		{9138ED57-3E30-403F-9637-8CC14CECD17B}.Release|x64.ActiveCfg = Release|x64
		{9138ED57-3E30-403F-9637-8CC14CECD17B}.Release|x64.Build.0 = Release|x64
		{9138ED57-3E30-403F-9637-8CC14CECD17B}.Release|x86.ActiveCfg = Release|Win32
		{9138ED57-3E30-403F-9637-8CC14CECD17B}.Release|x86.Build.0 = Release|Win32
		{9BB9CDB4-7C9C-4AA7-B88B-5297EBA5D5D2}.Debug|Any CPU.ActiveCfg = Debug|x64
		{9BB9CDB4-7C9C-4AA7-B88B-5297EBA5D5D2}.Debug|Any CPU.Build.0 = Debug|x64
		{9BB9CDB4-7C9C-4AA7-B88B-5297EBA5D5D2}.Debug|x64.ActiveCfg = Debug|x64
		{9BB9CDB4-7C9C-4AA7-B88B-5297EBA5D5D2}.Debug|x64.Build.0 = Debug|x64
		{9BB9CDB4-7C9C-4AA7-B88B-5297EBA5D5D2}.Debug|x86.ActiveCfg = Debug|Win32
		{9BB9CDB4-7C9C-4AA7-B88B-5297EBA5D5D2}.Debug|x86.Build.0 = Debug|Win32
		{9BB9CDB4-7C9C-4AA7-B88B-5297EBA5D5D2}.Release|Any CPU.ActiveCfg = Release|x64
		{9BB9CDB4-7C9C-4AA7-B88B-5297EBA5D5D2}.Release|Any CPU.Build.0 = Release|x64
		{9BB9CDB4-7C9C-4AA7-B88B-5297EBA5D5D2}.Release|x64.ActiveCfg = Release|x64
		{9BB9CDB4-7C9C-4AA7-B88B-5297EBA5D5D2}.Release|x64.Build.0 = Release|x64
		{9BB9CDB4-7C9C-4AA7-B88B-5297EBA5D5D2}.Release|x86.ActiveCfg = Release|Win32
		{9BB9CDB4-7C9C-4AA7-B88B-5297EBA5D5D2}.Release|x86.Build.0 = Release|Win32
		{7CC177BD-96B9-4EFE-B7E9-31103BC7C285}.Debug|Any CPU.ActiveCfg = Debug|x64
		{7CC177BD-96B9-4EFE-B7E9-31103BC7C285}.Debug|Any CPU.Build.0 = Debug|x64
		{7CC177BD-96B9-4EFE-B7E9-31103BC7C285}.Debug|x64.ActiveCfg = Debug|x64
		{7CC177BD-96B9-4EFE-B7E9-31103BC7C285}.Debug|x64.Build.0 = Debug|x64
		{7CC177BD-96B9-4EFE-B7E9-31103BC7C285}.Debug|x86.ActiveCfg = Debug|Win32
		{7CC177BD-96B9-4EFE-B7E9-31103BC7C285}.Debug|x86.Build.0 = Debug|Win32
		{7CC177BD-96B9-4EFE-B7E9-31103BC7C285}.Release|Any CPU.ActiveCfg = Release|x64
		{7CC177BD-96B9-4EFE-B7E9-31103BC7C285}.Release|Any CPU.Build.0 = Release|x64
		{7CC177BD-96B9-4EFE-B7E9-31103BC7C285}.Release|x64.ActiveCfg = Release|x64
		{7CC177BD-96B9-4EFE-B7E9-31103BC7C285}.Release|x64.Build.0 = Release|x64
		{7CC177BD-96B9-4EFE-B7E9-31103BC7C285}.Release|x86.ActiveCfg = Release|Win32
		{7CC177BD-96B9-4EFE-B7E9-31103BC7C285}.Release|x86.Build.0 = Release|Win32
		{2C88E092-5D70-4043-9D01-002E6358C6A7}.Debug|Any CPU.ActiveCfg = Debug|x64
		{2C88E092-5D70-4043-9D01-002E6358C6A7}.Debug|Any CPU.Build.0 = Debug|x64
		{2C88E092-5D70-4043-9D01-002E6358C6A7}.Debug|x64.ActiveCfg = Debug|x64
		{2C88E092-5D70-4043-9D01-002E6358C6A7}.Debug|x64.Build.0 = Debug|x64
		{2C88E092-5D70-4043-9D01-002E6358C6A7}.Debug|x86.ActiveCfg = Debug|Win32
		{2C88E092-5D70-4043-9D01-002E6358C6A7}.Debug|x86.Build.0 = Debug|Win32
		{2C88E092-5D70-4043-9D01-002E6358C6A7}.Release|Any CPU.ActiveCfg = Release|x64
		{2C88E092-5D70-4043-9D01-002E6358C6A7}.Release|Any CPU.Build.0 = Release|x64
		{2C88E092-5D70-4043-9D01-002E6358C6A7}.Release|x64.ActiveCfg = Release|x64
		{2C88E092-5D70-4043-9D01-002E6358C6A7}.Release|x64.Build.0 = Release|x64
		{2C88E092-5D70-4043-9D01-002E6358C6A7}.Release|x86.ActiveCfg = Release|Win32
		{2C88E092-5D70-4043-9D01-002E6358C6A7}.Release|x86.Build.0 = Release|Win32
		{0606C1BF-B477-44E7-8B9B-BCF2B9240936}.Debug|Any CPU.ActiveCfg = Debug|x64
		{0606C1BF-B477-44E7-8B9B-BCF2B9240936}.Debug|Any CPU.Build.0 = Debug|x64
		{0606C1BF-B477-44E7-8B9B-BCF2B9240936}.Debug|x64.ActiveCfg = Debug|x64
		{0606C1BF-B477-44E7-8B9B-BCF2B9240936}.Debug|x64.Build.0 = Debug|x64
		{0606C1BF-B477-44E7-8B9B-BCF2B9240936}.Debug|x86.ActiveCfg = Debug|Win32
		{0606C1BF-B477-44E7-8B9B-BCF2B9240936}.Debug|x86.Build.0 = Debug|Win32
		{0606C1BF-B477-44E7-8B9B-BCF2B9240936}.Release|Any CPU.ActiveCfg = Release|x64
		{0606C1BF-B477-44E7-8B9B-BCF2B9240936}.Release|Any CPU.Build.0 = Release|x64
		{0606C1BF-B477-44E7-8B9B-BCF2B9240936}.Release|x64.ActiveCfg = Release|x64
		{0606C1BF-B477-44E7-8B9B-BCF2B9240936}.Release|x64.Build.0 = Release|x64
		{0606C1BF-B477-44E7-8B9B-BCF2B9240936}.Release|x86.ActiveCfg = Release|Win32
		{0606C1BF-B477-44E7-8B9B-BCF2B9240936}.Release|x86.Build.0 = Release|Win32
		{F98A83B4-F1D9-4058-9524-F628D546AD50}.Debug|Any CPU.ActiveCfg = Debug|x64
		{F98A83B4-F1D9-4058-9524-F628D546AD50}.Debug|Any CPU.Build.0 = Debug|x64
		{F98A83B4-F1D9-4058-9524-F628D546AD50}.Debug|x64.ActiveCfg = Debug|x64
		{F98A83B4-F1D9-4058-9524-F628D546AD50}.Debug|x64.Build.0 = Debug|x64
		{F98A83B4-F1D9-4058-9524-F628D546AD50}.Debug|x86.ActiveCfg = Debug|Win32
		{F98A83B4-F1D9-4058-9524-F628D546AD50}.Debug|x86.Build.0 = Debug|Win32
		{F98A83B4-F1D9-4058-9524-F628D546AD50}.Release|Any CPU.ActiveCfg = Release|x64
		{F98A83B4-F1D9-4058-9524-F628D546AD50}.Release|Any CPU.Build.0 = Release|x64
		{F98A83B4-F1D9-4058-9524-F628D546AD50}.Release|x64.ActiveCfg = Release|x64
		{F98A83B4-F1D9-4058-9524-F628D546AD50}.Release|x64.Build.0 = Release|x64
		{F98A83B4-F1D9-4058-9524-F628D546AD50}.Release|x86.ActiveCfg = Release|Win32
		{F98A83B4-F1D9-4058-9524-F628D546AD50}.Release|x86.Build.0 = Release|Win32
		{99185BB5-F3A0-4B5C-8D54-4925FAEF0E1F}.Debug|Any CPU.ActiveCfg = Debug|x64
		{99185BB5-F3A0-4B5C-8D54-4925FAEF0E1F}.Debug|Any CPU.Build.0 = Debug|x64
		{99185BB5-F3A0-4B5C-8D54-4925FAEF0E1F}.Debug|x64.ActiveCfg = Debug|x64
		{99185BB5-F3A0-4B5C-8D54-4925FAEF0E1F}.Debug|x64.Build.0 = Debug|x64
		{99185BB5-F3A0-4B5C-8D54-4925FAEF0E1F}.Debug|x86.ActiveCfg = Debug|Win32
		{99185BB5-F3A0-4B5C-8D54-4925FAEF0E1F}.Debug|x86.Build.0 = Debug|Win32
		{99185BB5-F3A0-4B5C-8D54-4925FAEF0E1F}.Release|Any CPU.ActiveCfg = Release|x64
		{99185BB5-F3A0-4B5C-8D54-4925FAEF0E1F}.Release|Any CPU.Build.0 = Release|x64
		{99185BB5-F3A0-4B5C-8D54-4925FAEF0E1F}.Release|x64.ActiveCfg = Release|x64
		{99185BB5-F3A0-4B5C-8D54-4925FAEF0E1F}.Release|x64.Build.0 = Release|x64
		{99185BB5-F3A0-4B5C-8D54-4925FAEF0E1F}.Release|x86.ActiveCfg = Release|Win32
		{99185BB5-F3A0-4B5C-8D54-4925FAEF0E1F}.Release|x86.Build.0 = Release|Win32
		{3F80F754-7280-451E-948A-AFB73CCA0775}.Debug|Any CPU.ActiveCfg = Debug|x64
		{3F80F754-7280-451E-948A-AFB73CCA0775}.Debug|Any CPU.Build.0 = Debug|x64
		{3F80F754-7280-451E-948A-AFB73CCA0775}.Debug|x64.ActiveCfg = Debug|x64
		{3F80F754-7280-451E-948A-AFB73CCA0775}.Debug|x64.Build.0 = Debug|x64
		{3F80F754-7280-451E-948A-AFB73CCA0775}.Debug|x86.ActiveCfg = Debug|Win32
		{3F80F754-7280-451E-948A-AFB73CCA0775}.Debug|x86.Build.0 = Debug|Win32
		{3F80F754-7280-451E-948A-AFB73CCA0775}.Release|Any CPU.ActiveCfg = Release|x64
		{3F80F754-7280-451E-948A-AFB73CCA0775}.Release|Any CPU.Build.0 = Release|x64
		{3F80F754-7280-451E-948A-AFB73CCA0775}.Release|x64.ActiveCfg = Release|x64
		{3F80F754-7280-451E-948A-AFB73CCA0775}.Release|x64.Build.0 = Release|x64
		{3F80F754-7280-451E-948A-AFB73CCA0775}.Release|x86.ActiveCfg = Release|Win32
		{3F80F754-7280-451E-948A-AFB73CCA0775}.Release|x86.Build.0 = Release|Win32
		{03C02AE3-91DE-4FB0-AD7E-1C03C1C60BD6}.Debug|Any CPU.ActiveCfg = Debug|x64
		{03C02AE3-91DE-4FB0-AD7E-1C03C1C60BD6}.Debug|Any CPU.Build.0 = Debug|x64
		{03C02AE3-91DE-4FB0-AD7E-1C03C1C60BD6}.Debug|x64.ActiveCfg = Debug|x64
		{03C02AE3-91DE-4FB0-AD7E-1C03C1C60BD6}.Debug|x64.Build.0 = Debug|x64
		{03C02AE3-91DE-4FB0-AD7E-1C03C1C60BD6}.Debug|x86.ActiveCfg = Debug|Win32
		{03C02AE3-91DE-4FB0-AD7E-1C03C1C60BD6}.Debug|x86.Build.0 = Debug|Win32
		{03C02AE3-91DE-4FB0-AD7E-1C03C1C60BD6}.Release|Any CPU.ActiveCfg = Release|x64
		{03C02AE3-91DE-4FB0-AD7E-1C03C1C60BD6}.Release|Any CPU.Build.0 = Release|x64
		{03C02AE3-91DE-4FB0-AD7E-1C03C1C60BD6}.Release|x64.ActiveCfg = Release|x64
		{03C02AE3-91DE-4FB0-AD7E-1C03C1C60BD6}.Release|x64.Build.0 = Release|x64
		{03C02AE3-91DE-4FB0-AD7E-1C03C1C60BD6}.Release|x86.ActiveCfg = Release|Win32
		{03C02AE3-91DE-4FB0-AD7E-1C03C1C60BD6}.Release|x86.Build.0 = Release|Win32
		{0EBADEF3-CE6A-4D7B-983E-9BF0C9C5EF9C}.Debug|Any CPU.ActiveCfg = Debug|x64
		{0EBADEF3-CE6A-4D7B-983E-9BF0C9C5EF9C}.Debug|Any CPU.Build.0 = Debug|x64
		{0EBADEF3-CE6A-4D7B-983E-9BF0C9C5EF9C}.Debug|x64.ActiveCfg = Debug|x64
		{0EBADEF3-CE6A-4D7B-983E-9BF0C9C5EF9C}.Debug|x64.Build.0 = Debug|x64
		{0EBADEF3-CE6A-4D7B-983E-9BF0C9C5EF9C}.Debug|x86.ActiveCfg = Debug|Win32
		{0EBADEF3-CE6A-4D7B-983E-9BF0C9C5EF9C}.Debug|x86.Build.0 = Debug|Win32
		{0EBADEF3-CE6A-4D7B-983E-9BF0C9C5EF9C}.Release|Any CPU.ActiveCfg = Release|x64
		{0EBADEF3-CE6A-4D7B-983E-9BF0C9C5EF9C}.Release|Any CPU.Build.0 = Release|x64
		{0EBADEF3-CE6A-4D7B-983E-9BF0C9C5EF9C}.Release|x64.ActiveCfg = Release|x64
		{0EBADEF3-CE6A-4D7B-983E-9BF0C9C5EF9C}.Release|x64.Build.0 = Release|x64
		{0EBADEF3-CE6A-4D7B-983E-9BF0C9C5EF9C}.Release|x86.ActiveCfg = Release|Win32
		{0EBADEF3-CE6A-4D7B-983E-9BF0C9C5EF9C}.Release|x86.Build.0 = Release|Win32
		{EB5CDC99-7F80-42C4-AEB2-E15BAC2CC3CD}.Debug|Any CPU.ActiveCfg = Debug|x64
		{EB5CDC99-7F80-42C4-AEB2-E15BAC2CC3CD}.Debug|Any CPU.Build.0 = Debug|x64
		{EB5CDC99-7F80-42C4-AEB2-E15BAC2CC3CD}.Debug|x64.ActiveCfg = Debug|x64
		{EB5CDC99-7F80-42C4-AEB2-E15BAC2CC3CD}.Debug|x64.Build.0 = Debug|x64
		{EB5CDC99-7F80-42C4-AEB2-E15BAC2CC3CD}.Debug|x86.ActiveCfg = Debug|Win32
		{EB5CDC99-7F80-42C4-AEB2-E15BAC2CC3CD}.Debug|x86.Build.0 = Debug|Win32
		{EB5CDC99-7F80-42C4-AEB2-E15BAC2CC3CD}.Release|Any CPU.ActiveCfg = Release|x64
		{EB5CDC99-7F80-42C4-AEB2-E15BAC2CC3CD}.Release|Any CPU.Build.0 = Release|x64
		{EB5CDC99-7F80-42C4-AEB2-E15BAC2CC3CD}.Release|x64.ActiveCfg = Release|x64
		{EB5CDC99-7F80-42C4-AEB2-E15BAC2CC3CD}.Release|x64.Build.0 = Release|x64
		{EB5CDC99-7F80-42C4-AEB2-E15BAC2CC3CD}.Release|x86.ActiveCfg = Release|Win32
		{EB5CDC99-7F80-42C4-AEB2-E15BAC2CC3CD}.Release|x86.Build.0 = Release|Win32
		{3C833439-A287-407A-96D6-FE2EC3ABA9E5}.Debug|Any CPU.ActiveCfg = Debug|x64
		{3C833439-A287-407A-96D6-FE2EC3ABA9E5}.Debug|Any CPU.Build.0 = Debug|x64
		{3C833439-A287-407A-96D6-FE2EC3ABA9E5}.Debug|x64.ActiveCfg = Debug|x64
		{3C833439-A287-407A-96D6-FE2EC3ABA9E5}.Debug|x64.Build.0 = Debug|x64
		{3C833439-A287-407A-96D6-FE2EC3ABA9E5}.Debug|x86.ActiveCfg = Debug|Win32
		{3C833439-A287-407A-96D6-FE2EC3ABA9E5}.Debug|x86.Build.0 = Debug|Win32
		{3C833439-A287-407A-96D6-FE2EC3ABA9E5}.Release|Any CPU.ActiveCfg = Release|x64
		{3C833439-A287-407A-96D6-FE2EC3ABA9E5}.Release|Any CPU.Build.0 = Release|x64
		{3C833439-A287-407A-96D6-FE2EC3ABA9E5}.Release|x64.ActiveCfg = Release|x64
		{3C833439-A287-407A-96D6-FE2EC3ABA9E5}.Release|x64.Build.0 = Release|x64
		{3C833439-A287-407A-96D6-FE2EC3ABA9E5}.Release|x86.ActiveCfg = Release|Win32
		{3C833439-A287-407A-96D6-FE2EC3ABA9E5}.Release|x86.Build.0 = Release|Win32
		{35A3CB89-74F7-4F6F-B085-E0FA7EA1B062}.Debug|Any CPU.ActiveCfg = Debug|x64
		{35A3CB89-74F7-4F6F-B085-E0FA7EA1B062}.Debug|Any CPU.Build.0 = Debug|x64
		{35A3CB89-74F7-4F6F-B085-E0FA7EA1B062}.Debug|x64.ActiveCfg = Debug|x64
		{35A3CB89-74F7-4F6F-B085-E0FA7EA1B062}.Debug|x64.Build.0 = Debug|x64
		{35A3CB89-74F7-4F6F-B085-E0FA7EA1B062}.Debug|x86.ActiveCfg = Debug|Win32
		{35A3CB89-74F7-4F6F-B085-E0FA7EA1B062}.Debug|x86.Build.0 = Debug|Win32
		{35A3CB89-74F7-4F6F-B085-E0FA7EA1B062}.Release|Any CPU.ActiveCfg = Release|x64
		{35A3CB89-74F7-4F6F-B085-E0FA7EA1B062}.Release|Any CPU.Build.0 = Release|x64
		{35A3CB89-74F7-4F6F-B085-E0FA7EA1B062}.Release|x64.ActiveCfg = Release|x64
		{35A3CB89-74F7-4F6F-B085-E0FA7EA1B062}.Release|x64.Build.0 = Release|x64
		{35A3CB89-74F7-4F6F-B085-E0FA7EA1B062}.Release|x86.ActiveCfg = Release|Win32
		{35A3CB89-74F7-4F6F-B085-E0FA7EA1B062}.Release|x86.Build.0 = Release|Win32
		{E99561C3-594E-4ACC-882B-A8014A96E6FB}.Debug|Any CPU.ActiveCfg = Debug|x64
		{E99561C3-594E-4ACC-882B-A8014A96E6FB}.Debug|Any CPU.Build.0 = Debug|x64
		{E99561C3-594E-4ACC-882B-A8014A96E6FB}.Debug|x64.ActiveCfg = Debug|x64
		{E99561C3-594E-4ACC-882B-A8014A96E6FB}.Debug|x64.Build.0 = Debug|x64
		{E99561C3-594E-4ACC-882B-A8014A96E6FB}.Debug|x86.ActiveCfg = Debug|Win32
		{E99561C3-594E-4ACC-882B-A8014A96E6FB}.Debug|x86.Build.0 = Debug|Win32
		{E99561C3-594E-4ACC-882B-A8014A96E6FB}.Release|Any CPU.ActiveCfg = Release|x64
		{E99561C3-594E-4ACC-882B-A8014A96E6FB}.Release|Any CPU.Build.0 = Release|x64
		{E99561C3-594E-4ACC-882B-A8014A96E6FB}.Release|x64.ActiveCfg = Release|x64
		{E99561C3-594E-4ACC-882B-A8014A96E6FB}.Release|x64.Build.0 = Release|x64
		{E99561C3-594E-4ACC-882B-A8014A96E6FB}.Release|x86.ActiveCfg = Release|Win32
		{E99561C3-594E-4ACC-882B-A8014A96E6FB}.Release|x86.Build.0 = Release|Win32
		{28D0CB6D-46E7-4D57-9E65-3FF3FBC9DF5F}.Debug|Any CPU.ActiveCfg = Debug|x64
		{28D0CB6D-46E7-4D57-9E65-3FF3FBC9DF5F}.Debug|Any CPU.Build.0 = Debug|x64
		{28D0CB6D-46E7-4D57-9E65-3FF3FBC9DF5F}.Debug|x64.ActiveCfg = Debug|x64
		{28D0CB6D-46E7-4D57-9E65-3FF3FBC9DF5F}.Debug|x64.Build.0 = Debug|x64
		{28D0CB6D-46E7-4D57-9E65-3FF3FBC9DF5F}.Debug|x86.ActiveCfg = Debug|Win32
		{28D0CB6D-46E7-4D57-9E65-3FF3FBC9DF5F}.Debug|x86.Build.0 = Debug|Win32
		{28D0CB6D-46E7-4D57-9E65-3FF3FBC9DF5F}.Release|Any CPU.ActiveCfg = Release|x64
		{28D0CB6D-46E7-4D57-9E65-3FF3FBC9DF5F}.Release|Any CPU.Build.0 = Release|x64
		{28D0CB6D-46E7-4D57-9E65-3FF3FBC9DF5F}.Release|x64.ActiveCfg = Release|x64
		{28D0CB6D-46E7-4D57-9E65-3FF3FBC9DF5F}.Release|x64.Build.0 = Release|x64
		{28D0CB6D-46E7-4D57-9E65-3FF3FBC9DF5F}.Release|x86.ActiveCfg = Release|Win32
		{28D0CB6D-46E7-4D57-9E65-3FF3FBC9DF5F}.Release|x86.Build.0 = Release|Win32
		{47B54A4D-B1FA-4E24-BD85-5AD12EC9F199}.Debug|Any CPU.ActiveCfg = Debug|x64
		{47B54A4D-B1FA-4E24-BD85-5AD12EC9F199}.Debug|Any CPU.Build.0 = Debug|x64
		{47B54A4D-B1FA-4E24-BD85-5AD12EC9F199}.Debug|x64.ActiveCfg = Debug|x64
		{47B54A4D-B1FA-4E24-BD85-5AD12EC9F199}.Debug|x64.Build.0 = Debug|x64
		{47B54A4D-B1FA-4E24-BD85-5AD12EC9F199}.Debug|x86.ActiveCfg = Debug|Win32
		{47B54A4D-B1FA-4E24-BD85-5AD12EC9F199}.Debug|x86.Build.0 = Debug|Win32
		{47B54A4D-B1FA-4E24-BD85-5AD12EC9F199}.Release|Any CPU.ActiveCfg = Release|x64
		{47B54A4D-B1FA-4E24-BD85-5AD12EC9F199}.Release|Any CPU.Build.0 = Release|x64
		{47B54A4D-B1FA-4E24-BD85-5AD12EC9F199}.Release|x64.ActiveCfg = Release|x64
		{47B54A4D-B1FA-4E24-BD85-5AD12EC9F199}.Release|x64.Build.0 = Release|x64
		{47B54A4D-B1FA-4E24-BD85-5AD12EC9F199}.Release|x86.ActiveCfg = Release|Win32
		{47B54A4D-B1FA-4E24-BD85-5AD12EC9F199}.Release|x86.Build.0 = Release|Win32
		{0C4D5C8B-65FE-4FA6-9DAC-F97AC71EBC9A}.Debug|Any CPU.ActiveCfg = Debug|x64
		{0C4D5C8B-65FE-4FA6-9DAC-F97AC71EBC9A}.Debug|Any CPU.Build.0 = Debug|x64
		{0C4D5C8B-65FE-4FA6-9DAC-F97AC71EBC9A}.Debug|x64.ActiveCfg = Debug|x64
		{0C4D5C8B-65FE-4FA6-9DAC-F97AC71EBC9A}.Debug|x64.Build.0 = Debug|x64
		{0C4D5C8B-65FE-4FA6-9DAC-F97AC71EBC9A}.Debug|x86.ActiveCfg = Debug|Win32
		{0C4D5C8B-65FE-4FA6-9DAC-F97AC71EBC9A}.Debug|x86.Build.0 = Debug|Win32
		{0C4D5C8B-65FE-4FA6-9DAC-F97AC71EBC9A}.Release|Any CPU.ActiveCfg = Release|x64
		{0C4D5C8B-65FE-4FA6-9DAC-F97AC71EBC9A}.Release|Any CPU.Build.0 = Release|x64
		{0C4D5C8B-65FE-4FA6-9DAC-F97AC71EBC9A}.Release|x64.ActiveCfg = Release|x64
		{0C4D5C8B-65FE-4FA6-9DAC-F97AC71EBC9A}.Release|x64.Build.0 = Release|x64
		{0C4D5C8B-65FE-4FA6-9DAC-F97AC71EBC9A}.Release|x86.ActiveCfg = Release|Win32
		{0C4D5C8B-65FE-4FA6-9DAC-F97AC71EBC9A}.Release|x86.Build.0 = Release|Win32
		{E332925B-D6B0-439D-8049-108AF718619B}.Debug|Any CPU.ActiveCfg = Debug|Any CPU
		{E332925B-D6B0-439D-8049-108AF718619B}.Debug|Any CPU.Build.0 = Debug|Any CPU
		{E332925B-D6B0-439D-8049-108AF718619B}.Debug|x64.ActiveCfg = Debug|Any CPU
		{E332925B-D6B0-439D-8049-108AF718619B}.Debug|x64.Build.0 = Debug|Any CPU
		{E332925B-D6B0-439D-8049-108AF718619B}.Debug|x86.ActiveCfg = Debug|Any CPU
		{E332925B-D6B0-439D-8049-108AF718619B}.Debug|x86.Build.0 = Debug|Any CPU
		{E332925B-D6B0-439D-8049-108AF718619B}.Release|Any CPU.ActiveCfg = Release|Any CPU
		{E332925B-D6B0-439D-8049-108AF718619B}.Release|Any CPU.Build.0 = Release|Any CPU
		{E332925B-D6B0-439D-8049-108AF718619B}.Release|x64.ActiveCfg = Release|Any CPU
		{E332925B-D6B0-439D-8049-108AF718619B}.Release|x64.Build.0 = Release|Any CPU
		{E332925B-D6B0-439D-8049-108AF718619B}.Release|x86.ActiveCfg = Release|Any CPU
		{E332925B-D6B0-439D-8049-108AF718619B}.Release|x86.Build.0 = Release|Any CPU
		{B86209A9-2D67-47F8-B392-364EED069835}.Debug|Any CPU.ActiveCfg = Debug|x64
		{B86209A9-2D67-47F8-B392-364EED069835}.Debug|Any CPU.Build.0 = Debug|x64
		{B86209A9-2D67-47F8-B392-364EED069835}.Debug|x64.ActiveCfg = Debug|x64
		{B86209A9-2D67-47F8-B392-364EED069835}.Debug|x64.Build.0 = Debug|x64
		{B86209A9-2D67-47F8-B392-364EED069835}.Debug|x86.ActiveCfg = Debug|Win32
		{B86209A9-2D67-47F8-B392-364EED069835}.Debug|x86.Build.0 = Debug|Win32
		{B86209A9-2D67-47F8-B392-364EED069835}.Release|Any CPU.ActiveCfg = Release|x64
		{B86209A9-2D67-47F8-B392-364EED069835}.Release|Any CPU.Build.0 = Release|x64
		{B86209A9-2D67-47F8-B392-364EED069835}.Release|x64.ActiveCfg = Release|x64
		{B86209A9-2D67-47F8-B392-364EED069835}.Release|x64.Build.0 = Release|x64
		{B86209A9-2D67-47F8-B392-364EED069835}.Release|x86.ActiveCfg = Release|Win32
		{B86209A9-2D67-47F8-B392-364EED069835}.Release|x86.Build.0 = Release|Win32
		{CE503223-4D7B-4C9B-9A53-6AA7DC0570BF}.Debug|Any CPU.ActiveCfg = Debug|x64
		{CE503223-4D7B-4C9B-9A53-6AA7DC0570BF}.Debug|Any CPU.Build.0 = Debug|x64
		{CE503223-4D7B-4C9B-9A53-6AA7DC0570BF}.Debug|x64.ActiveCfg = Debug|x64
		{CE503223-4D7B-4C9B-9A53-6AA7DC0570BF}.Debug|x64.Build.0 = Debug|x64
		{CE503223-4D7B-4C9B-9A53-6AA7DC0570BF}.Debug|x86.ActiveCfg = Debug|Win32
		{CE503223-4D7B-4C9B-9A53-6AA7DC0570BF}.Debug|x86.Build.0 = Debug|Win32
		{CE503223-4D7B-4C9B-9A53-6AA7DC0570BF}.Release|Any CPU.ActiveCfg = Release|x64
		{CE503223-4D7B-4C9B-9A53-6AA7DC0570BF}.Release|Any CPU.Build.0 = Release|x64
		{CE503223-4D7B-4C9B-9A53-6AA7DC0570BF}.Release|x64.ActiveCfg = Release|x64
		{CE503223-4D7B-4C9B-9A53-6AA7DC0570BF}.Release|x64.Build.0 = Release|x64
		{CE503223-4D7B-4C9B-9A53-6AA7DC0570BF}.Release|x86.ActiveCfg = Release|Win32
		{CE503223-4D7B-4C9B-9A53-6AA7DC0570BF}.Release|x86.Build.0 = Release|Win32
		{209B0FB5-1FD1-43A1-A3CF-45E097999E2B}.Debug|Any CPU.ActiveCfg = Debug|x64
		{209B0FB5-1FD1-43A1-A3CF-45E097999E2B}.Debug|Any CPU.Build.0 = Debug|x64
		{209B0FB5-1FD1-43A1-A3CF-45E097999E2B}.Debug|x64.ActiveCfg = Debug|x64
		{209B0FB5-1FD1-43A1-A3CF-45E097999E2B}.Debug|x64.Build.0 = Debug|x64
		{209B0FB5-1FD1-43A1-A3CF-45E097999E2B}.Debug|x86.ActiveCfg = Debug|Win32
		{209B0FB5-1FD1-43A1-A3CF-45E097999E2B}.Debug|x86.Build.0 = Debug|Win32
		{209B0FB5-1FD1-43A1-A3CF-45E097999E2B}.Release|Any CPU.ActiveCfg = Release|x64
		{209B0FB5-1FD1-43A1-A3CF-45E097999E2B}.Release|Any CPU.Build.0 = Release|x64
		{209B0FB5-1FD1-43A1-A3CF-45E097999E2B}.Release|x64.ActiveCfg = Release|x64
		{209B0FB5-1FD1-43A1-A3CF-45E097999E2B}.Release|x64.Build.0 = Release|x64
		{209B0FB5-1FD1-43A1-A3CF-45E097999E2B}.Release|x86.ActiveCfg = Release|Win32
		{209B0FB5-1FD1-43A1-A3CF-45E097999E2B}.Release|x86.Build.0 = Release|Win32
		{3CD01EE6-89A5-4B37-A787-998F378C7735}.Debug|Any CPU.ActiveCfg = Debug|x64
		{3CD01EE6-89A5-4B37-A787-998F378C7735}.Debug|Any CPU.Build.0 = Debug|x64
		{3CD01EE6-89A5-4B37-A787-998F378C7735}.Debug|x64.ActiveCfg = Debug|x64
		{3CD01EE6-89A5-4B37-A787-998F378C7735}.Debug|x64.Build.0 = Debug|x64
		{3CD01EE6-89A5-4B37-A787-998F378C7735}.Debug|x86.ActiveCfg = Debug|Win32
		{3CD01EE6-89A5-4B37-A787-998F378C7735}.Debug|x86.Build.0 = Debug|Win32
		{3CD01EE6-89A5-4B37-A787-998F378C7735}.Release|Any CPU.ActiveCfg = Release|x64
		{3CD01EE6-89A5-4B37-A787-998F378C7735}.Release|Any CPU.Build.0 = Release|x64
		{3CD01EE6-89A5-4B37-A787-998F378C7735}.Release|x64.ActiveCfg = Release|x64
		{3CD01EE6-89A5-4B37-A787-998F378C7735}.Release|x64.Build.0 = Release|x64
		{3CD01EE6-89A5-4B37-A787-998F378C7735}.Release|x86.ActiveCfg = Release|Win32
		{3CD01EE6-89A5-4B37-A787-998F378C7735}.Release|x86.Build.0 = Release|Win32
		{681BE81E-CED8-4715-9C7A-11965F4DC75E}.Debug|Any CPU.ActiveCfg = Debug|x64
		{681BE81E-CED8-4715-9C7A-11965F4DC75E}.Debug|Any CPU.Build.0 = Debug|x64
		{681BE81E-CED8-4715-9C7A-11965F4DC75E}.Debug|x64.ActiveCfg = Debug|x64
		{681BE81E-CED8-4715-9C7A-11965F4DC75E}.Debug|x64.Build.0 = Debug|x64
		{681BE81E-CED8-4715-9C7A-11965F4DC75E}.Debug|x86.ActiveCfg = Debug|Win32
		{681BE81E-CED8-4715-9C7A-11965F4DC75E}.Debug|x86.Build.0 = Debug|Win32
		{681BE81E-CED8-4715-9C7A-11965F4DC75E}.Release|Any CPU.ActiveCfg = Release|x64
		{681BE81E-CED8-4715-9C7A-11965F4DC75E}.Release|Any CPU.Build.0 = Release|x64
		{681BE81E-CED8-4715-9C7A-11965F4DC75E}.Release|x64.ActiveCfg = Release|x64
		{681BE81E-CED8-4715-9C7A-11965F4DC75E}.Release|x64.Build.0 = Release|x64
		{681BE81E-CED8-4715-9C7A-11965F4DC75E}.Release|x86.ActiveCfg = Release|Win32
		{681BE81E-CED8-4715-9C7A-11965F4DC75E}.Release|x86.Build.0 = Release|Win32
		{32816DA6-0B18-4B00-9D2B-54025951DA27}.Debug|Any CPU.ActiveCfg = Debug|x64
		{32816DA6-0B18-4B00-9D2B-54025951DA27}.Debug|Any CPU.Build.0 = Debug|x64
		{32816DA6-0B18-4B00-9D2B-54025951DA27}.Debug|x64.ActiveCfg = Debug|x64
		{32816DA6-0B18-4B00-9D2B-54025951DA27}.Debug|x64.Build.0 = Debug|x64
		{32816DA6-0B18-4B00-9D2B-54025951DA27}.Debug|x86.ActiveCfg = Debug|Win32
		{32816DA6-0B18-4B00-9D2B-54025951DA27}.Debug|x86.Build.0 = Debug|Win32
		{32816DA6-0B18-4B00-9D2B-54025951DA27}.Release|Any CPU.ActiveCfg = Release|x64
		{32816DA6-0B18-4B00-9D2B-54025951DA27}.Release|Any CPU.Build.0 = Release|x64
		{32816DA6-0B18-4B00-9D2B-54025951DA27}.Release|x64.ActiveCfg = Release|x64
		{32816DA6-0B18-4B00-9D2B-54025951DA27}.Release|x64.Build.0 = Release|x64
		{32816DA6-0B18-4B00-9D2B-54025951DA27}.Release|x86.ActiveCfg = Release|Win32
		{32816DA6-0B18-4B00-9D2B-54025951DA27}.Release|x86.Build.0 = Release|Win32
		{3F8C12C0-11CC-4401-B36E-863D3360AB6C}.Debug|Any CPU.ActiveCfg = Debug|x64
		{3F8C12C0-11CC-4401-B36E-863D3360AB6C}.Debug|Any CPU.Build.0 = Debug|x64
		{3F8C12C0-11CC-4401-B36E-863D3360AB6C}.Debug|x64.ActiveCfg = Debug|x64
		{3F8C12C0-11CC-4401-B36E-863D3360AB6C}.Debug|x64.Build.0 = Debug|x64
		{3F8C12C0-11CC-4401-B36E-863D3360AB6C}.Debug|x86.ActiveCfg = Debug|Win32
		{3F8C12C0-11CC-4401-B36E-863D3360AB6C}.Debug|x86.Build.0 = Debug|Win32
		{3F8C12C0-11CC-4401-B36E-863D3360AB6C}.Release|Any CPU.ActiveCfg = Release|x64
		{3F8C12C0-11CC-4401-B36E-863D3360AB6C}.Release|Any CPU.Build.0 = Release|x64
		{3F8C12C0-11CC-4401-B36E-863D3360AB6C}.Release|x64.ActiveCfg = Release|x64
		{3F8C12C0-11CC-4401-B36E-863D3360AB6C}.Release|x64.Build.0 = Release|x64
		{3F8C12C0-11CC-4401-B36E-863D3360AB6C}.Release|x86.ActiveCfg = Release|Win32
		{3F8C12C0-11CC-4401-B36E-863D3360AB6C}.Release|x86.Build.0 = Release|Win32
		{789C3613-40A2-4B00-A334-D431561B2A1C}.Debug|Any CPU.ActiveCfg = Debug|x64
		{789C3613-40A2-4B00-A334-D431561B2A1C}.Debug|Any CPU.Build.0 = Debug|x64
		{789C3613-40A2-4B00-A334-D431561B2A1C}.Debug|x64.ActiveCfg = Debug|x64
		{789C3613-40A2-4B00-A334-D431561B2A1C}.Debug|x64.Build.0 = Debug|x64
		{789C3613-40A2-4B00-A334-D431561B2A1C}.Debug|x86.ActiveCfg = Debug|Win32
		{789C3613-40A2-4B00-A334-D431561B2A1C}.Debug|x86.Build.0 = Debug|Win32
		{789C3613-40A2-4B00-A334-D431561B2A1C}.Release|Any CPU.ActiveCfg = Release|x64
		{789C3613-40A2-4B00-A334-D431561B2A1C}.Release|Any CPU.Build.0 = Release|x64
		{789C3613-40A2-4B00-A334-D431561B2A1C}.Release|x64.ActiveCfg = Release|x64
		{789C3613-40A2-4B00-A334-D431561B2A1C}.Release|x64.Build.0 = Release|x64
		{789C3613-40A2-4B00-A334-D431561B2A1C}.Release|x86.ActiveCfg = Release|Win32
		{789C3613-40A2-4B00-A334-D431561B2A1C}.Release|x86.Build.0 = Release|Win32
		{D3856CE9-B71C-49B7-A0F2-D4D6B5F94BF6}.Debug|Any CPU.ActiveCfg = Debug|x64
		{D3856CE9-B71C-49B7-A0F2-D4D6B5F94BF6}.Debug|Any CPU.Build.0 = Debug|x64
		{D3856CE9-B71C-49B7-A0F2-D4D6B5F94BF6}.Debug|x64.ActiveCfg = Debug|x64
		{D3856CE9-B71C-49B7-A0F2-D4D6B5F94BF6}.Debug|x64.Build.0 = Debug|x64
		{D3856CE9-B71C-49B7-A0F2-D4D6B5F94BF6}.Debug|x86.ActiveCfg = Debug|Win32
		{D3856CE9-B71C-49B7-A0F2-D4D6B5F94BF6}.Debug|x86.Build.0 = Debug|Win32
		{D3856CE9-B71C-49B7-A0F2-D4D6B5F94BF6}.Release|Any CPU.ActiveCfg = Release|x64
		{D3856CE9-B71C-49B7-A0F2-D4D6B5F94BF6}.Release|Any CPU.Build.0 = Release|x64
		{D3856CE9-B71C-49B7-A0F2-D4D6B5F94BF6}.Release|x64.ActiveCfg = Release|x64
		{D3856CE9-B71C-49B7-A0F2-D4D6B5F94BF6}.Release|x64.Build.0 = Release|x64
		{D3856CE9-B71C-49B7-A0F2-D4D6B5F94BF6}.Release|x86.ActiveCfg = Release|Win32
		{D3856CE9-B71C-49B7-A0F2-D4D6B5F94BF6}.Release|x86.Build.0 = Release|Win32
		{F4F0CAB7-EE2F-4BFB-9DED-5DC4DAD60A3F}.Debug|Any CPU.ActiveCfg = Debug|x64
		{F4F0CAB7-EE2F-4BFB-9DED-5DC4DAD60A3F}.Debug|Any CPU.Build.0 = Debug|x64
		{F4F0CAB7-EE2F-4BFB-9DED-5DC4DAD60A3F}.Debug|x64.ActiveCfg = Debug|x64
		{F4F0CAB7-EE2F-4BFB-9DED-5DC4DAD60A3F}.Debug|x64.Build.0 = Debug|x64
		{F4F0CAB7-EE2F-4BFB-9DED-5DC4DAD60A3F}.Debug|x86.ActiveCfg = Debug|Win32
		{F4F0CAB7-EE2F-4BFB-9DED-5DC4DAD60A3F}.Debug|x86.Build.0 = Debug|Win32
		{F4F0CAB7-EE2F-4BFB-9DED-5DC4DAD60A3F}.Release|Any CPU.ActiveCfg = Release|x64
		{F4F0CAB7-EE2F-4BFB-9DED-5DC4DAD60A3F}.Release|Any CPU.Build.0 = Release|x64
		{F4F0CAB7-EE2F-4BFB-9DED-5DC4DAD60A3F}.Release|x64.ActiveCfg = Release|x64
		{F4F0CAB7-EE2F-4BFB-9DED-5DC4DAD60A3F}.Release|x64.Build.0 = Release|x64
		{F4F0CAB7-EE2F-4BFB-9DED-5DC4DAD60A3F}.Release|x86.ActiveCfg = Release|Win32
		{F4F0CAB7-EE2F-4BFB-9DED-5DC4DAD60A3F}.Release|x86.Build.0 = Release|Win32
		{81D7706A-6C74-4002-8A3F-61120B83EB3D}.Debug|Any CPU.ActiveCfg = Debug|x64
		{81D7706A-6C74-4002-8A3F-61120B83EB3D}.Debug|Any CPU.Build.0 = Debug|x64
		{81D7706A-6C74-4002-8A3F-61120B83EB3D}.Debug|x64.ActiveCfg = Debug|x64
		{81D7706A-6C74-4002-8A3F-61120B83EB3D}.Debug|x64.Build.0 = Debug|x64
		{81D7706A-6C74-4002-8A3F-61120B83EB3D}.Debug|x86.ActiveCfg = Debug|Win32
		{81D7706A-6C74-4002-8A3F-61120B83EB3D}.Debug|x86.Build.0 = Debug|Win32
		{81D7706A-6C74-4002-8A3F-61120B83EB3D}.Release|Any CPU.ActiveCfg = Release|x64
		{81D7706A-6C74-4002-8A3F-61120B83EB3D}.Release|Any CPU.Build.0 = Release|x64
		{81D7706A-6C74-4002-8A3F-61120B83EB3D}.Release|x64.ActiveCfg = Release|x64
		{81D7706A-6C74-4002-8A3F-61120B83EB3D}.Release|x64.Build.0 = Release|x64
		{81D7706A-6C74-4002-8A3F-61120B83EB3D}.Release|x86.ActiveCfg = Release|Win32
		{81D7706A-6C74-4002-8A3F-61120B83EB3D}.Release|x86.Build.0 = Release|Win32
		{0AC67C72-364A-468B-8154-16A54B7689A4}.Debug|Any CPU.ActiveCfg = Debug|x64
		{0AC67C72-364A-468B-8154-16A54B7689A4}.Debug|Any CPU.Build.0 = Debug|x64
		{0AC67C72-364A-468B-8154-16A54B7689A4}.Debug|x64.ActiveCfg = Debug|x64
		{0AC67C72-364A-468B-8154-16A54B7689A4}.Debug|x64.Build.0 = Debug|x64
		{0AC67C72-364A-468B-8154-16A54B7689A4}.Debug|x86.ActiveCfg = Debug|Win32
		{0AC67C72-364A-468B-8154-16A54B7689A4}.Debug|x86.Build.0 = Debug|Win32
		{0AC67C72-364A-468B-8154-16A54B7689A4}.Release|Any CPU.ActiveCfg = Release|x64
		{0AC67C72-364A-468B-8154-16A54B7689A4}.Release|Any CPU.Build.0 = Release|x64
		{0AC67C72-364A-468B-8154-16A54B7689A4}.Release|x64.ActiveCfg = Release|x64
		{0AC67C72-364A-468B-8154-16A54B7689A4}.Release|x64.Build.0 = Release|x64
		{0AC67C72-364A-468B-8154-16A54B7689A4}.Release|x86.ActiveCfg = Release|Win32
		{0AC67C72-364A-468B-8154-16A54B7689A4}.Release|x86.Build.0 = Release|Win32
		{6FFC738A-60CE-4531-9942-E1CF6CE841CB}.Debug|Any CPU.ActiveCfg = Debug|x64
		{6FFC738A-60CE-4531-9942-E1CF6CE841CB}.Debug|Any CPU.Build.0 = Debug|x64
		{6FFC738A-60CE-4531-9942-E1CF6CE841CB}.Debug|x64.ActiveCfg = Debug|x64
		{6FFC738A-60CE-4531-9942-E1CF6CE841CB}.Debug|x64.Build.0 = Debug|x64
		{6FFC738A-60CE-4531-9942-E1CF6CE841CB}.Debug|x86.ActiveCfg = Debug|Win32
		{6FFC738A-60CE-4531-9942-E1CF6CE841CB}.Debug|x86.Build.0 = Debug|Win32
		{6FFC738A-60CE-4531-9942-E1CF6CE841CB}.Release|Any CPU.ActiveCfg = Release|x64
		{6FFC738A-60CE-4531-9942-E1CF6CE841CB}.Release|Any CPU.Build.0 = Release|x64
		{6FFC738A-60CE-4531-9942-E1CF6CE841CB}.Release|x64.ActiveCfg = Release|x64
		{6FFC738A-60CE-4531-9942-E1CF6CE841CB}.Release|x64.Build.0 = Release|x64
		{6FFC738A-60CE-4531-9942-E1CF6CE841CB}.Release|x86.ActiveCfg = Release|Win32
		{6FFC738A-60CE-4531-9942-E1CF6CE841CB}.Release|x86.Build.0 = Release|Win32
		{EE12DD31-0E88-4730-B996-5C17F9C494D0}.Debug|Any CPU.ActiveCfg = Debug|x64
		{EE12DD31-0E88-4730-B996-5C17F9C494D0}.Debug|Any CPU.Build.0 = Debug|x64
		{EE12DD31-0E88-4730-B996-5C17F9C494D0}.Debug|x64.ActiveCfg = Debug|x64
		{EE12DD31-0E88-4730-B996-5C17F9C494D0}.Debug|x64.Build.0 = Debug|x64
		{EE12DD31-0E88-4730-B996-5C17F9C494D0}.Debug|x86.ActiveCfg = Debug|Win32
		{EE12DD31-0E88-4730-B996-5C17F9C494D0}.Debug|x86.Build.0 = Debug|Win32
		{EE12DD31-0E88-4730-B996-5C17F9C494D0}.Release|Any CPU.ActiveCfg = Release|x64
		{EE12DD31-0E88-4730-B996-5C17F9C494D0}.Release|Any CPU.Build.0 = Release|x64
		{EE12DD31-0E88-4730-B996-5C17F9C494D0}.Release|x64.ActiveCfg = Release|x64
		{EE12DD31-0E88-4730-B996-5C17F9C494D0}.Release|x64.Build.0 = Release|x64
		{EE12DD31-0E88-4730-B996-5C17F9C494D0}.Release|x86.ActiveCfg = Release|Win32
		{EE12DD31-0E88-4730-B996-5C17F9C494D0}.Release|x86.Build.0 = Release|Win32
		{CC7884A7-A19B-4945-9002-A6C09A11B537}.Debug|Any CPU.ActiveCfg = Debug|x64
		{CC7884A7-A19B-4945-9002-A6C09A11B537}.Debug|Any CPU.Build.0 = Debug|x64
		{CC7884A7-A19B-4945-9002-A6C09A11B537}.Debug|x64.ActiveCfg = Debug|x64
		{CC7884A7-A19B-4945-9002-A6C09A11B537}.Debug|x64.Build.0 = Debug|x64
		{CC7884A7-A19B-4945-9002-A6C09A11B537}.Debug|x86.ActiveCfg = Debug|Win32
		{CC7884A7-A19B-4945-9002-A6C09A11B537}.Debug|x86.Build.0 = Debug|Win32
		{CC7884A7-A19B-4945-9002-A6C09A11B537}.Release|Any CPU.ActiveCfg = Release|x64
		{CC7884A7-A19B-4945-9002-A6C09A11B537}.Release|Any CPU.Build.0 = Release|x64
		{CC7884A7-A19B-4945-9002-A6C09A11B537}.Release|x64.ActiveCfg = Release|x64
		{CC7884A7-A19B-4945-9002-A6C09A11B537}.Release|x64.Build.0 = Release|x64
		{CC7884A7-A19B-4945-9002-A6C09A11B537}.Release|x86.ActiveCfg = Release|Win32
		{CC7884A7-A19B-4945-9002-A6C09A11B537}.Release|x86.Build.0 = Release|Win32
		{C19CFA29-5BE3-49F8-9CA1-B21F648D271E}.Debug|Any CPU.ActiveCfg = Debug|x64
		{C19CFA29-5BE3-49F8-9CA1-B21F648D271E}.Debug|Any CPU.Build.0 = Debug|x64
		{C19CFA29-5BE3-49F8-9CA1-B21F648D271E}.Debug|x64.ActiveCfg = Debug|x64
		{C19CFA29-5BE3-49F8-9CA1-B21F648D271E}.Debug|x64.Build.0 = Debug|x64
		{C19CFA29-5BE3-49F8-9CA1-B21F648D271E}.Debug|x86.ActiveCfg = Debug|Win32
		{C19CFA29-5BE3-49F8-9CA1-B21F648D271E}.Debug|x86.Build.0 = Debug|Win32
		{C19CFA29-5BE3-49F8-9CA1-B21F648D271E}.Release|Any CPU.ActiveCfg = Release|x64
		{C19CFA29-5BE3-49F8-9CA1-B21F648D271E}.Release|Any CPU.Build.0 = Release|x64
		{C19CFA29-5BE3-49F8-9CA1-B21F648D271E}.Release|x64.ActiveCfg = Release|x64
		{C19CFA29-5BE3-49F8-9CA1-B21F648D271E}.Release|x64.Build.0 = Release|x64
		{C19CFA29-5BE3-49F8-9CA1-B21F648D271E}.Release|x86.ActiveCfg = Release|Win32
		{C19CFA29-5BE3-49F8-9CA1-B21F648D271E}.Release|x86.Build.0 = Release|Win32
		{56883DD8-ECA4-4D18-A643-CE2F42B0A29E}.Debug|Any CPU.ActiveCfg = Debug|x64
		{56883DD8-ECA4-4D18-A643-CE2F42B0A29E}.Debug|Any CPU.Build.0 = Debug|x64
		{56883DD8-ECA4-4D18-A643-CE2F42B0A29E}.Debug|x64.ActiveCfg = Debug|x64
		{56883DD8-ECA4-4D18-A643-CE2F42B0A29E}.Debug|x64.Build.0 = Debug|x64
		{56883DD8-ECA4-4D18-A643-CE2F42B0A29E}.Debug|x86.ActiveCfg = Debug|Win32
		{56883DD8-ECA4-4D18-A643-CE2F42B0A29E}.Debug|x86.Build.0 = Debug|Win32
		{56883DD8-ECA4-4D18-A643-CE2F42B0A29E}.Release|Any CPU.ActiveCfg = Release|x64
		{56883DD8-ECA4-4D18-A643-CE2F42B0A29E}.Release|Any CPU.Build.0 = Release|x64
		{56883DD8-ECA4-4D18-A643-CE2F42B0A29E}.Release|x64.ActiveCfg = Release|x64
		{56883DD8-ECA4-4D18-A643-CE2F42B0A29E}.Release|x64.Build.0 = Release|x64
		{56883DD8-ECA4-4D18-A643-CE2F42B0A29E}.Release|x86.ActiveCfg = Release|Win32
		{56883DD8-ECA4-4D18-A643-CE2F42B0A29E}.Release|x86.Build.0 = Release|Win32
		{04D80A04-C2CD-4ABD-9FFE-F213540CC541}.Debug|Any CPU.ActiveCfg = Debug|x64
		{04D80A04-C2CD-4ABD-9FFE-F213540CC541}.Debug|Any CPU.Build.0 = Debug|x64
		{04D80A04-C2CD-4ABD-9FFE-F213540CC541}.Debug|x64.ActiveCfg = Debug|x64
		{04D80A04-C2CD-4ABD-9FFE-F213540CC541}.Debug|x64.Build.0 = Debug|x64
		{04D80A04-C2CD-4ABD-9FFE-F213540CC541}.Debug|x86.ActiveCfg = Debug|Win32
		{04D80A04-C2CD-4ABD-9FFE-F213540CC541}.Debug|x86.Build.0 = Debug|Win32
		{04D80A04-C2CD-4ABD-9FFE-F213540CC541}.Release|Any CPU.ActiveCfg = Release|x64
		{04D80A04-C2CD-4ABD-9FFE-F213540CC541}.Release|Any CPU.Build.0 = Release|x64
		{04D80A04-C2CD-4ABD-9FFE-F213540CC541}.Release|x64.ActiveCfg = Release|x64
		{04D80A04-C2CD-4ABD-9FFE-F213540CC541}.Release|x64.Build.0 = Release|x64
		{04D80A04-C2CD-4ABD-9FFE-F213540CC541}.Release|x86.ActiveCfg = Release|Win32
		{04D80A04-C2CD-4ABD-9FFE-F213540CC541}.Release|x86.Build.0 = Release|Win32
		{FD5850CA-2EEF-4857-9A02-2AF13DDAFD6A}.Debug|Any CPU.ActiveCfg = Debug|x64
		{FD5850CA-2EEF-4857-9A02-2AF13DDAFD6A}.Debug|Any CPU.Build.0 = Debug|x64
		{FD5850CA-2EEF-4857-9A02-2AF13DDAFD6A}.Debug|x64.ActiveCfg = Debug|x64
		{FD5850CA-2EEF-4857-9A02-2AF13DDAFD6A}.Debug|x64.Build.0 = Debug|x64
		{FD5850CA-2EEF-4857-9A02-2AF13DDAFD6A}.Debug|x86.ActiveCfg = Debug|Win32
		{FD5850CA-2EEF-4857-9A02-2AF13DDAFD6A}.Debug|x86.Build.0 = Debug|Win32
		{FD5850CA-2EEF-4857-9A02-2AF13DDAFD6A}.Release|Any CPU.ActiveCfg = Release|x64
		{FD5850CA-2EEF-4857-9A02-2AF13DDAFD6A}.Release|Any CPU.Build.0 = Release|x64
		{FD5850CA-2EEF-4857-9A02-2AF13DDAFD6A}.Release|x64.ActiveCfg = Release|x64
		{FD5850CA-2EEF-4857-9A02-2AF13DDAFD6A}.Release|x64.Build.0 = Release|x64
		{FD5850CA-2EEF-4857-9A02-2AF13DDAFD6A}.Release|x86.ActiveCfg = Release|Win32
		{FD5850CA-2EEF-4857-9A02-2AF13DDAFD6A}.Release|x86.Build.0 = Release|Win32
		{1E2D4708-F5E1-4663-85D4-38667F52E9F3}.Debug|Any CPU.ActiveCfg = Debug|x64
		{1E2D4708-F5E1-4663-85D4-38667F52E9F3}.Debug|Any CPU.Build.0 = Debug|x64
		{1E2D4708-F5E1-4663-85D4-38667F52E9F3}.Debug|x64.ActiveCfg = Debug|x64
		{1E2D4708-F5E1-4663-85D4-38667F52E9F3}.Debug|x64.Build.0 = Debug|x64
		{1E2D4708-F5E1-4663-85D4-38667F52E9F3}.Debug|x86.ActiveCfg = Debug|Win32
		{1E2D4708-F5E1-4663-85D4-38667F52E9F3}.Debug|x86.Build.0 = Debug|Win32
		{1E2D4708-F5E1-4663-85D4-38667F52E9F3}.Release|Any CPU.ActiveCfg = Release|x64
		{1E2D4708-F5E1-4663-85D4-38667F52E9F3}.Release|Any CPU.Build.0 = Release|x64
		{1E2D4708-F5E1-4663-85D4-38667F52E9F3}.Release|x64.ActiveCfg = Release|x64
		{1E2D4708-F5E1-4663-85D4-38667F52E9F3}.Release|x64.Build.0 = Release|x64
		{1E2D4708-F5E1-4663-85D4-38667F52E9F3}.Release|x86.ActiveCfg = Release|Win32
		{1E2D4708-F5E1-4663-85D4-38667F52E9F3}.Release|x86.Build.0 = Release|Win32
		{406C18E4-2D9F-4B92-8B2C-CDB3DB3FF810}.Debug|Any CPU.ActiveCfg = Debug|x64
		{406C18E4-2D9F-4B92-8B2C-CDB3DB3FF810}.Debug|Any CPU.Build.0 = Debug|x64
		{406C18E4-2D9F-4B92-8B2C-CDB3DB3FF810}.Debug|x64.ActiveCfg = Debug|x64
		{406C18E4-2D9F-4B92-8B2C-CDB3DB3FF810}.Debug|x64.Build.0 = Debug|x64
		{406C18E4-2D9F-4B92-8B2C-CDB3DB3FF810}.Debug|x86.ActiveCfg = Debug|Win32
		{406C18E4-2D9F-4B92-8B2C-CDB3DB3FF810}.Debug|x86.Build.0 = Debug|Win32
		{406C18E4-2D9F-4B92-8B2C-CDB3DB3FF810}.Release|Any CPU.ActiveCfg = Release|x64
		{406C18E4-2D9F-4B92-8B2C-CDB3DB3FF810}.Release|Any CPU.Build.0 = Release|x64
		{406C18E4-2D9F-4B92-8B2C-CDB3DB3FF810}.Release|x64.ActiveCfg = Release|x64
		{406C18E4-2D9F-4B92-8B2C-CDB3DB3FF810}.Release|x64.Build.0 = Release|x64
		{406C18E4-2D9F-4B92-8B2C-CDB3DB3FF810}.Release|x86.ActiveCfg = Release|Win32
		{406C18E4-2D9F-4B92-8B2C-CDB3DB3FF810}.Release|x86.Build.0 = Release|Win32
		{B66F9938-BCFD-4040-8F35-BFC1DBD68A76}.Debug|Any CPU.ActiveCfg = Debug|x64
		{B66F9938-BCFD-4040-8F35-BFC1DBD68A76}.Debug|Any CPU.Build.0 = Debug|x64
		{B66F9938-BCFD-4040-8F35-BFC1DBD68A76}.Debug|x64.ActiveCfg = Debug|x64
		{B66F9938-BCFD-4040-8F35-BFC1DBD68A76}.Debug|x64.Build.0 = Debug|x64
		{B66F9938-BCFD-4040-8F35-BFC1DBD68A76}.Debug|x86.ActiveCfg = Debug|Win32
		{B66F9938-BCFD-4040-8F35-BFC1DBD68A76}.Debug|x86.Build.0 = Debug|Win32
		{B66F9938-BCFD-4040-8F35-BFC1DBD68A76}.Release|Any CPU.ActiveCfg = Release|x64
		{B66F9938-BCFD-4040-8F35-BFC1DBD68A76}.Release|Any CPU.Build.0 = Release|x64
		{B66F9938-BCFD-4040-8F35-BFC1DBD68A76}.Release|x64.ActiveCfg = Release|x64
		{B66F9938-BCFD-4040-8F35-BFC1DBD68A76}.Release|x64.Build.0 = Release|x64
		{B66F9938-BCFD-4040-8F35-BFC1DBD68A76}.Release|x86.ActiveCfg = Release|Win32
		{B66F9938-BCFD-4040-8F35-BFC1DBD68A76}.Release|x86.Build.0 = Release|Win32
		{89749323-5CDB-4EB4-8BCE-8A9C9E0A586F}.Debug|Any CPU.ActiveCfg = Debug|x64
		{89749323-5CDB-4EB4-8BCE-8A9C9E0A586F}.Debug|Any CPU.Build.0 = Debug|x64
		{89749323-5CDB-4EB4-8BCE-8A9C9E0A586F}.Debug|x64.ActiveCfg = Debug|x64
		{89749323-5CDB-4EB4-8BCE-8A9C9E0A586F}.Debug|x64.Build.0 = Debug|x64
		{89749323-5CDB-4EB4-8BCE-8A9C9E0A586F}.Debug|x86.ActiveCfg = Debug|Win32
		{89749323-5CDB-4EB4-8BCE-8A9C9E0A586F}.Debug|x86.Build.0 = Debug|Win32
		{89749323-5CDB-4EB4-8BCE-8A9C9E0A586F}.Release|Any CPU.ActiveCfg = Release|x64
		{89749323-5CDB-4EB4-8BCE-8A9C9E0A586F}.Release|Any CPU.Build.0 = Release|x64
		{89749323-5CDB-4EB4-8BCE-8A9C9E0A586F}.Release|x64.ActiveCfg = Release|x64
		{89749323-5CDB-4EB4-8BCE-8A9C9E0A586F}.Release|x64.Build.0 = Release|x64
		{89749323-5CDB-4EB4-8BCE-8A9C9E0A586F}.Release|x86.ActiveCfg = Release|Win32
		{89749323-5CDB-4EB4-8BCE-8A9C9E0A586F}.Release|x86.Build.0 = Release|Win32
		{679C78BE-58C7-4CCF-95E8-B299A127F085}.Debug|Any CPU.ActiveCfg = Debug|x64
		{679C78BE-58C7-4CCF-95E8-B299A127F085}.Debug|Any CPU.Build.0 = Debug|x64
		{679C78BE-58C7-4CCF-95E8-B299A127F085}.Debug|x64.ActiveCfg = Debug|x64
		{679C78BE-58C7-4CCF-95E8-B299A127F085}.Debug|x64.Build.0 = Debug|x64
		{679C78BE-58C7-4CCF-95E8-B299A127F085}.Debug|x86.ActiveCfg = Debug|Win32
		{679C78BE-58C7-4CCF-95E8-B299A127F085}.Debug|x86.Build.0 = Debug|Win32
		{679C78BE-58C7-4CCF-95E8-B299A127F085}.Release|Any CPU.ActiveCfg = Release|x64
		{679C78BE-58C7-4CCF-95E8-B299A127F085}.Release|Any CPU.Build.0 = Release|x64
		{679C78BE-58C7-4CCF-95E8-B299A127F085}.Release|x64.ActiveCfg = Release|x64
		{679C78BE-58C7-4CCF-95E8-B299A127F085}.Release|x64.Build.0 = Release|x64
		{679C78BE-58C7-4CCF-95E8-B299A127F085}.Release|x86.ActiveCfg = Release|Win32
		{679C78BE-58C7-4CCF-95E8-B299A127F085}.Release|x86.Build.0 = Release|Win32
		{0DC98FD7-DE25-4634-9F3A-85B2C51C7104}.Debug|Any CPU.ActiveCfg = Debug|x64
		{0DC98FD7-DE25-4634-9F3A-85B2C51C7104}.Debug|Any CPU.Build.0 = Debug|x64
		{0DC98FD7-DE25-4634-9F3A-85B2C51C7104}.Debug|x64.ActiveCfg = Debug|x64
		{0DC98FD7-DE25-4634-9F3A-85B2C51C7104}.Debug|x64.Build.0 = Debug|x64
		{0DC98FD7-DE25-4634-9F3A-85B2C51C7104}.Debug|x86.ActiveCfg = Debug|Win32
		{0DC98FD7-DE25-4634-9F3A-85B2C51C7104}.Debug|x86.Build.0 = Debug|Win32
		{0DC98FD7-DE25-4634-9F3A-85B2C51C7104}.Release|Any CPU.ActiveCfg = Release|x64
		{0DC98FD7-DE25-4634-9F3A-85B2C51C7104}.Release|Any CPU.Build.0 = Release|x64
		{0DC98FD7-DE25-4634-9F3A-85B2C51C7104}.Release|x64.ActiveCfg = Release|x64
		{0DC98FD7-DE25-4634-9F3A-85B2C51C7104}.Release|x64.Build.0 = Release|x64
		{0DC98FD7-DE25-4634-9F3A-85B2C51C7104}.Release|x86.ActiveCfg = Release|Win32
		{0DC98FD7-DE25-4634-9F3A-85B2C51C7104}.Release|x86.Build.0 = Release|Win32
		{AD8B99EE-547B-4F35-B2AB-E3D78008587C}.Debug|Any CPU.ActiveCfg = Debug|x64
		{AD8B99EE-547B-4F35-B2AB-E3D78008587C}.Debug|Any CPU.Build.0 = Debug|x64
		{AD8B99EE-547B-4F35-B2AB-E3D78008587C}.Debug|x64.ActiveCfg = Debug|x64
		{AD8B99EE-547B-4F35-B2AB-E3D78008587C}.Debug|x64.Build.0 = Debug|x64
		{AD8B99EE-547B-4F35-B2AB-E3D78008587C}.Debug|x86.ActiveCfg = Debug|Win32
		{AD8B99EE-547B-4F35-B2AB-E3D78008587C}.Debug|x86.Build.0 = Debug|Win32
		{AD8B99EE-547B-4F35-B2AB-E3D78008587C}.Release|Any CPU.ActiveCfg = Release|x64
		{AD8B99EE-547B-4F35-B2AB-E3D78008587C}.Release|Any CPU.Build.0 = Release|x64
		{AD8B99EE-547B-4F35-B2AB-E3D78008587C}.Release|x64.ActiveCfg = Release|x64
		{AD8B99EE-547B-4F35-B2AB-E3D78008587C}.Release|x64.Build.0 = Release|x64
		{AD8B99EE-547B-4F35-B2AB-E3D78008587C}.Release|x86.ActiveCfg = Release|Win32
		{AD8B99EE-547B-4F35-B2AB-E3D78008587C}.Release|x86.Build.0 = Release|Win32
		{AF086CE6-1C7B-4CDD-9B07-D120DB3DA116}.Debug|Any CPU.ActiveCfg = Debug|x64
		{AF086CE6-1C7B-4CDD-9B07-D120DB3DA116}.Debug|Any CPU.Build.0 = Debug|x64
		{AF086CE6-1C7B-4CDD-9B07-D120DB3DA116}.Debug|x64.ActiveCfg = Debug|x64
		{AF086CE6-1C7B-4CDD-9B07-D120DB3DA116}.Debug|x64.Build.0 = Debug|x64
		{AF086CE6-1C7B-4CDD-9B07-D120DB3DA116}.Debug|x86.ActiveCfg = Debug|Win32
		{AF086CE6-1C7B-4CDD-9B07-D120DB3DA116}.Debug|x86.Build.0 = Debug|Win32
		{AF086CE6-1C7B-4CDD-9B07-D120DB3DA116}.Release|Any CPU.ActiveCfg = Release|x64
		{AF086CE6-1C7B-4CDD-9B07-D120DB3DA116}.Release|Any CPU.Build.0 = Release|x64
		{AF086CE6-1C7B-4CDD-9B07-D120DB3DA116}.Release|x64.ActiveCfg = Release|x64
		{AF086CE6-1C7B-4CDD-9B07-D120DB3DA116}.Release|x64.Build.0 = Release|x64
		{AF086CE6-1C7B-4CDD-9B07-D120DB3DA116}.Release|x86.ActiveCfg = Release|Win32
		{AF086CE6-1C7B-4CDD-9B07-D120DB3DA116}.Release|x86.Build.0 = Release|Win32
		{D1B13492-766D-4E47-91E9-15BD3DC7A9DD}.Debug|Any CPU.ActiveCfg = Debug|x64
		{D1B13492-766D-4E47-91E9-15BD3DC7A9DD}.Debug|Any CPU.Build.0 = Debug|x64
		{D1B13492-766D-4E47-91E9-15BD3DC7A9DD}.Debug|x64.ActiveCfg = Debug|x64
		{D1B13492-766D-4E47-91E9-15BD3DC7A9DD}.Debug|x64.Build.0 = Debug|x64
		{D1B13492-766D-4E47-91E9-15BD3DC7A9DD}.Debug|x86.ActiveCfg = Debug|Win32
		{D1B13492-766D-4E47-91E9-15BD3DC7A9DD}.Debug|x86.Build.0 = Debug|Win32
		{D1B13492-766D-4E47-91E9-15BD3DC7A9DD}.Release|Any CPU.ActiveCfg = Release|x64
		{D1B13492-766D-4E47-91E9-15BD3DC7A9DD}.Release|Any CPU.Build.0 = Release|x64
		{D1B13492-766D-4E47-91E9-15BD3DC7A9DD}.Release|x64.ActiveCfg = Release|x64
		{D1B13492-766D-4E47-91E9-15BD3DC7A9DD}.Release|x64.Build.0 = Release|x64
		{D1B13492-766D-4E47-91E9-15BD3DC7A9DD}.Release|x86.ActiveCfg = Release|Win32
		{D1B13492-766D-4E47-91E9-15BD3DC7A9DD}.Release|x86.Build.0 = Release|Win32
		{D940F91B-21D2-40B7-8D9B-3EAD8B2AEFCC}.Debug|Any CPU.ActiveCfg = Debug|x64
		{D940F91B-21D2-40B7-8D9B-3EAD8B2AEFCC}.Debug|Any CPU.Build.0 = Debug|x64
		{D940F91B-21D2-40B7-8D9B-3EAD8B2AEFCC}.Debug|x64.ActiveCfg = Debug|x64
		{D940F91B-21D2-40B7-8D9B-3EAD8B2AEFCC}.Debug|x64.Build.0 = Debug|x64
		{D940F91B-21D2-40B7-8D9B-3EAD8B2AEFCC}.Debug|x86.ActiveCfg = Debug|Win32
		{D940F91B-21D2-40B7-8D9B-3EAD8B2AEFCC}.Debug|x86.Build.0 = Debug|Win32
		{D940F91B-21D2-40B7-8D9B-3EAD8B2AEFCC}.Release|Any CPU.ActiveCfg = Release|x64
		{D940F91B-21D2-40B7-8D9B-3EAD8B2AEFCC}.Release|Any CPU.Build.0 = Release|x64
		{D940F91B-21D2-40B7-8D9B-3EAD8B2AEFCC}.Release|x64.ActiveCfg = Release|x64
		{D940F91B-21D2-40B7-8D9B-3EAD8B2AEFCC}.Release|x64.Build.0 = Release|x64
		{D940F91B-21D2-40B7-8D9B-3EAD8B2AEFCC}.Release|x86.ActiveCfg = Release|Win32
		{D940F91B-21D2-40B7-8D9B-3EAD8B2AEFCC}.Release|x86.Build.0 = Release|Win32
		{C04D4EDE-80B2-4938-AEA4-76FBFD8E6FEE}.Debug|Any CPU.ActiveCfg = Debug|x64
		{C04D4EDE-80B2-4938-AEA4-76FBFD8E6FEE}.Debug|Any CPU.Build.0 = Debug|x64
		{C04D4EDE-80B2-4938-AEA4-76FBFD8E6FEE}.Debug|x64.ActiveCfg = Debug|x64
		{C04D4EDE-80B2-4938-AEA4-76FBFD8E6FEE}.Debug|x64.Build.0 = Debug|x64
		{C04D4EDE-80B2-4938-AEA4-76FBFD8E6FEE}.Debug|x86.ActiveCfg = Debug|Win32
		{C04D4EDE-80B2-4938-AEA4-76FBFD8E6FEE}.Debug|x86.Build.0 = Debug|Win32
		{C04D4EDE-80B2-4938-AEA4-76FBFD8E6FEE}.Release|Any CPU.ActiveCfg = Release|x64
		{C04D4EDE-80B2-4938-AEA4-76FBFD8E6FEE}.Release|Any CPU.Build.0 = Release|x64
		{C04D4EDE-80B2-4938-AEA4-76FBFD8E6FEE}.Release|x64.ActiveCfg = Release|x64
		{C04D4EDE-80B2-4938-AEA4-76FBFD8E6FEE}.Release|x64.Build.0 = Release|x64
		{C04D4EDE-80B2-4938-AEA4-76FBFD8E6FEE}.Release|x86.ActiveCfg = Release|Win32
		{C04D4EDE-80B2-4938-AEA4-76FBFD8E6FEE}.Release|x86.Build.0 = Release|Win32
		{37E0BD28-6580-4CDE-A791-543B7AB20C84}.Debug|Any CPU.ActiveCfg = Debug|x64
		{37E0BD28-6580-4CDE-A791-543B7AB20C84}.Debug|Any CPU.Build.0 = Debug|x64
		{37E0BD28-6580-4CDE-A791-543B7AB20C84}.Debug|x64.ActiveCfg = Debug|x64
		{37E0BD28-6580-4CDE-A791-543B7AB20C84}.Debug|x64.Build.0 = Debug|x64
		{37E0BD28-6580-4CDE-A791-543B7AB20C84}.Debug|x86.ActiveCfg = Debug|Win32
		{37E0BD28-6580-4CDE-A791-543B7AB20C84}.Debug|x86.Build.0 = Debug|Win32
		{37E0BD28-6580-4CDE-A791-543B7AB20C84}.Release|Any CPU.ActiveCfg = Release|x64
		{37E0BD28-6580-4CDE-A791-543B7AB20C84}.Release|Any CPU.Build.0 = Release|x64
		{37E0BD28-6580-4CDE-A791-543B7AB20C84}.Release|x64.ActiveCfg = Release|x64
		{37E0BD28-6580-4CDE-A791-543B7AB20C84}.Release|x64.Build.0 = Release|x64
		{37E0BD28-6580-4CDE-A791-543B7AB20C84}.Release|x86.ActiveCfg = Release|Win32
		{37E0BD28-6580-4CDE-A791-543B7AB20C84}.Release|x86.Build.0 = Release|Win32
		{85C5FB4F-C6E7-451D-B423-78DC4EF08F7E}.Debug|Any CPU.ActiveCfg = Debug|x64
		{85C5FB4F-C6E7-451D-B423-78DC4EF08F7E}.Debug|Any CPU.Build.0 = Debug|x64
		{85C5FB4F-C6E7-451D-B423-78DC4EF08F7E}.Debug|x64.ActiveCfg = Debug|x64
		{85C5FB4F-C6E7-451D-B423-78DC4EF08F7E}.Debug|x64.Build.0 = Debug|x64
		{85C5FB4F-C6E7-451D-B423-78DC4EF08F7E}.Debug|x86.ActiveCfg = Debug|Win32
		{85C5FB4F-C6E7-451D-B423-78DC4EF08F7E}.Debug|x86.Build.0 = Debug|Win32
		{85C5FB4F-C6E7-451D-B423-78DC4EF08F7E}.Release|Any CPU.ActiveCfg = Release|x64
		{85C5FB4F-C6E7-451D-B423-78DC4EF08F7E}.Release|Any CPU.Build.0 = Release|x64
		{85C5FB4F-C6E7-451D-B423-78DC4EF08F7E}.Release|x64.ActiveCfg = Release|x64
		{85C5FB4F-C6E7-451D-B423-78DC4EF08F7E}.Release|x64.Build.0 = Release|x64
		{85C5FB4F-C6E7-451D-B423-78DC4EF08F7E}.Release|x86.ActiveCfg = Release|Win32
		{85C5FB4F-C6E7-451D-B423-78DC4EF08F7E}.Release|x86.Build.0 = Release|Win32
		{6A39DCE9-7590-4439-8E97-CEBC7699E546}.Debug|Any CPU.ActiveCfg = Debug|x64
		{6A39DCE9-7590-4439-8E97-CEBC7699E546}.Debug|Any CPU.Build.0 = Debug|x64
		{6A39DCE9-7590-4439-8E97-CEBC7699E546}.Debug|x64.ActiveCfg = Debug|x64
		{6A39DCE9-7590-4439-8E97-CEBC7699E546}.Debug|x64.Build.0 = Debug|x64
		{6A39DCE9-7590-4439-8E97-CEBC7699E546}.Debug|x86.ActiveCfg = Debug|Win32
		{6A39DCE9-7590-4439-8E97-CEBC7699E546}.Debug|x86.Build.0 = Debug|Win32
		{6A39DCE9-7590-4439-8E97-CEBC7699E546}.Release|Any CPU.ActiveCfg = Release|x64
		{6A39DCE9-7590-4439-8E97-CEBC7699E546}.Release|Any CPU.Build.0 = Release|x64
		{6A39DCE9-7590-4439-8E97-CEBC7699E546}.Release|x64.ActiveCfg = Release|x64
		{6A39DCE9-7590-4439-8E97-CEBC7699E546}.Release|x64.Build.0 = Release|x64
		{6A39DCE9-7590-4439-8E97-CEBC7699E546}.Release|x86.ActiveCfg = Release|Win32
		{6A39DCE9-7590-4439-8E97-CEBC7699E546}.Release|x86.Build.0 = Release|Win32
		{A267553A-630F-4D6E-813A-AA62E77BDFD8}.Debug|Any CPU.ActiveCfg = Debug|x64
		{A267553A-630F-4D6E-813A-AA62E77BDFD8}.Debug|Any CPU.Build.0 = Debug|x64
		{A267553A-630F-4D6E-813A-AA62E77BDFD8}.Debug|x64.ActiveCfg = Debug|x64
		{A267553A-630F-4D6E-813A-AA62E77BDFD8}.Debug|x64.Build.0 = Debug|x64
		{A267553A-630F-4D6E-813A-AA62E77BDFD8}.Debug|x86.ActiveCfg = Debug|Win32
		{A267553A-630F-4D6E-813A-AA62E77BDFD8}.Debug|x86.Build.0 = Debug|Win32
		{A267553A-630F-4D6E-813A-AA62E77BDFD8}.Release|Any CPU.ActiveCfg = Release|x64
		{A267553A-630F-4D6E-813A-AA62E77BDFD8}.Release|Any CPU.Build.0 = Release|x64
		{A267553A-630F-4D6E-813A-AA62E77BDFD8}.Release|x64.ActiveCfg = Release|x64
		{A267553A-630F-4D6E-813A-AA62E77BDFD8}.Release|x64.Build.0 = Release|x64
		{A267553A-630F-4D6E-813A-AA62E77BDFD8}.Release|x86.ActiveCfg = Release|Win32
		{A267553A-630F-4D6E-813A-AA62E77BDFD8}.Release|x86.Build.0 = Release|Win32
		{D8AA16B3-CE1C-46F6-95D2-5A108FAD4C5D}.Debug|Any CPU.ActiveCfg = Debug|x64
		{D8AA16B3-CE1C-46F6-95D2-5A108FAD4C5D}.Debug|Any CPU.Build.0 = Debug|x64
		{D8AA16B3-CE1C-46F6-95D2-5A108FAD4C5D}.Debug|x64.ActiveCfg = Debug|x64
		{D8AA16B3-CE1C-46F6-95D2-5A108FAD4C5D}.Debug|x64.Build.0 = Debug|x64
		{D8AA16B3-CE1C-46F6-95D2-5A108FAD4C5D}.Debug|x86.ActiveCfg = Debug|Win32
		{D8AA16B3-CE1C-46F6-95D2-5A108FAD4C5D}.Debug|x86.Build.0 = Debug|Win32
		{D8AA16B3-CE1C-46F6-95D2-5A108FAD4C5D}.Release|Any CPU.ActiveCfg = Release|x64
		{D8AA16B3-CE1C-46F6-95D2-5A108FAD4C5D}.Release|Any CPU.Build.0 = Release|x64
		{D8AA16B3-CE1C-46F6-95D2-5A108FAD4C5D}.Release|x64.ActiveCfg = Release|x64
		{D8AA16B3-CE1C-46F6-95D2-5A108FAD4C5D}.Release|x64.Build.0 = Release|x64
		{D8AA16B3-CE1C-46F6-95D2-5A108FAD4C5D}.Release|x86.ActiveCfg = Release|Win32
		{D8AA16B3-CE1C-46F6-95D2-5A108FAD4C5D}.Release|x86.Build.0 = Release|Win32
		{A75BCF4B-0E9F-408B-A895-DCBC46C37004}.Debug|Any CPU.ActiveCfg = Debug|x64
		{A75BCF4B-0E9F-408B-A895-DCBC46C37004}.Debug|Any CPU.Build.0 = Debug|x64
		{A75BCF4B-0E9F-408B-A895-DCBC46C37004}.Debug|x64.ActiveCfg = Debug|x64
		{A75BCF4B-0E9F-408B-A895-DCBC46C37004}.Debug|x64.Build.0 = Debug|x64
		{A75BCF4B-0E9F-408B-A895-DCBC46C37004}.Debug|x86.ActiveCfg = Debug|Win32
		{A75BCF4B-0E9F-408B-A895-DCBC46C37004}.Debug|x86.Build.0 = Debug|Win32
		{A75BCF4B-0E9F-408B-A895-DCBC46C37004}.Release|Any CPU.ActiveCfg = Release|x64
		{A75BCF4B-0E9F-408B-A895-DCBC46C37004}.Release|Any CPU.Build.0 = Release|x64
		{A75BCF4B-0E9F-408B-A895-DCBC46C37004}.Release|x64.ActiveCfg = Release|x64
		{A75BCF4B-0E9F-408B-A895-DCBC46C37004}.Release|x64.Build.0 = Release|x64
		{A75BCF4B-0E9F-408B-A895-DCBC46C37004}.Release|x86.ActiveCfg = Release|Win32
		{A75BCF4B-0E9F-408B-A895-DCBC46C37004}.Release|x86.Build.0 = Release|Win32
		{059E89F4-E52B-4E7B-9A17-FEB5DCEED3C7}.Debug|Any CPU.ActiveCfg = Debug|x64
		{059E89F4-E52B-4E7B-9A17-FEB5DCEED3C7}.Debug|Any CPU.Build.0 = Debug|x64
		{059E89F4-E52B-4E7B-9A17-FEB5DCEED3C7}.Debug|x64.ActiveCfg = Debug|x64
		{059E89F4-E52B-4E7B-9A17-FEB5DCEED3C7}.Debug|x64.Build.0 = Debug|x64
		{059E89F4-E52B-4E7B-9A17-FEB5DCEED3C7}.Debug|x86.ActiveCfg = Debug|Win32
		{059E89F4-E52B-4E7B-9A17-FEB5DCEED3C7}.Debug|x86.Build.0 = Debug|Win32
		{059E89F4-E52B-4E7B-9A17-FEB5DCEED3C7}.Release|Any CPU.ActiveCfg = Release|x64
		{059E89F4-E52B-4E7B-9A17-FEB5DCEED3C7}.Release|Any CPU.Build.0 = Release|x64
		{059E89F4-E52B-4E7B-9A17-FEB5DCEED3C7}.Release|x64.ActiveCfg = Release|x64
		{059E89F4-E52B-4E7B-9A17-FEB5DCEED3C7}.Release|x64.Build.0 = Release|x64
		{059E89F4-E52B-4E7B-9A17-FEB5DCEED3C7}.Release|x86.ActiveCfg = Release|Win32
		{059E89F4-E52B-4E7B-9A17-FEB5DCEED3C7}.Release|x86.Build.0 = Release|Win32
	EndGlobalSection
	GlobalSection(SolutionProperties) = preSolution
		HideSolutionNode = FALSE
	EndGlobalSection
	GlobalSection(NestedProjects) = preSolution
		{AC14DD89-7A06-44D5-8127-1B09C8D90BEF} = {5E1A9A4E-050B-4F3F-946D-879BA58F11C2}
		{B2E62BF8-8BF0-451B-97BD-454CBD418747} = {86D52A97-F22A-43ED-92A0-502A30181793}
		{FDEF987E-532F-4F94-82F5-1C86E3F4D72E} = {5E1A9A4E-050B-4F3F-946D-879BA58F11C2}
		{2ECE5E9F-F5E4-40B3-A44C-8BB954C5A17B} = {ED6CFF29-2D1A-49F1-9BEC-FCEDB1E0E3DC}
		{5DE1049D-5B11-4D5C-843D-11396E1F0904} = {5E1A9A4E-050B-4F3F-946D-879BA58F11C2}
		{F3F08797-E635-4F4F-BCFF-DBA34BCBD12D} = {ED6CFF29-2D1A-49F1-9BEC-FCEDB1E0E3DC}
		{205240E9-D1B0-49E3-B19B-782DCC6308B6} = {5E1A9A4E-050B-4F3F-946D-879BA58F11C2}
		{9138ED57-3E30-403F-9637-8CC14CECD17B} = {ED6CFF29-2D1A-49F1-9BEC-FCEDB1E0E3DC}
		{9BB9CDB4-7C9C-4AA7-B88B-5297EBA5D5D2} = {5E1A9A4E-050B-4F3F-946D-879BA58F11C2}
		{7CC177BD-96B9-4EFE-B7E9-31103BC7C285} = {ED6CFF29-2D1A-49F1-9BEC-FCEDB1E0E3DC}
		{2C88E092-5D70-4043-9D01-002E6358C6A7} = {5E1A9A4E-050B-4F3F-946D-879BA58F11C2}
		{0606C1BF-B477-44E7-8B9B-BCF2B9240936} = {ED6CFF29-2D1A-49F1-9BEC-FCEDB1E0E3DC}
		{F98A83B4-F1D9-4058-9524-F628D546AD50} = {5E1A9A4E-050B-4F3F-946D-879BA58F11C2}
		{99185BB5-F3A0-4B5C-8D54-4925FAEF0E1F} = {ED6CFF29-2D1A-49F1-9BEC-FCEDB1E0E3DC}
		{3F80F754-7280-451E-948A-AFB73CCA0775} = {86D52A97-F22A-43ED-92A0-502A30181793}
		{03C02AE3-91DE-4FB0-AD7E-1C03C1C60BD6} = {5E1A9A4E-050B-4F3F-946D-879BA58F11C2}
		{0EBADEF3-CE6A-4D7B-983E-9BF0C9C5EF9C} = {ED6CFF29-2D1A-49F1-9BEC-FCEDB1E0E3DC}
		{EB5CDC99-7F80-42C4-AEB2-E15BAC2CC3CD} = {5E1A9A4E-050B-4F3F-946D-879BA58F11C2}
		{3C833439-A287-407A-96D6-FE2EC3ABA9E5} = {5E1A9A4E-050B-4F3F-946D-879BA58F11C2}
		{35A3CB89-74F7-4F6F-B085-E0FA7EA1B062} = {ED6CFF29-2D1A-49F1-9BEC-FCEDB1E0E3DC}
		{E99561C3-594E-4ACC-882B-A8014A96E6FB} = {ED6CFF29-2D1A-49F1-9BEC-FCEDB1E0E3DC}
		{28D0CB6D-46E7-4D57-9E65-3FF3FBC9DF5F} = {86D52A97-F22A-43ED-92A0-502A30181793}
		{47B54A4D-B1FA-4E24-BD85-5AD12EC9F199} = {5E1A9A4E-050B-4F3F-946D-879BA58F11C2}
		{0C4D5C8B-65FE-4FA6-9DAC-F97AC71EBC9A} = {ED6CFF29-2D1A-49F1-9BEC-FCEDB1E0E3DC}
		{E332925B-D6B0-439D-8049-108AF718619B} = {86D52A97-F22A-43ED-92A0-502A30181793}
		{B86209A9-2D67-47F8-B392-364EED069835} = {86D52A97-F22A-43ED-92A0-502A30181793}
		{CE503223-4D7B-4C9B-9A53-6AA7DC0570BF} = {5E1A9A4E-050B-4F3F-946D-879BA58F11C2}
		{209B0FB5-1FD1-43A1-A3CF-45E097999E2B} = {ED6CFF29-2D1A-49F1-9BEC-FCEDB1E0E3DC}
		{3CD01EE6-89A5-4B37-A787-998F378C7735} = {5E1A9A4E-050B-4F3F-946D-879BA58F11C2}
		{681BE81E-CED8-4715-9C7A-11965F4DC75E} = {ED6CFF29-2D1A-49F1-9BEC-FCEDB1E0E3DC}
		{32816DA6-0B18-4B00-9D2B-54025951DA27} = {5E1A9A4E-050B-4F3F-946D-879BA58F11C2}
		{3F8C12C0-11CC-4401-B36E-863D3360AB6C} = {ED6CFF29-2D1A-49F1-9BEC-FCEDB1E0E3DC}
		{789C3613-40A2-4B00-A334-D431561B2A1C} = {86D52A97-F22A-43ED-92A0-502A30181793}
		{D3856CE9-B71C-49B7-A0F2-D4D6B5F94BF6} = {5E1A9A4E-050B-4F3F-946D-879BA58F11C2}
		{F4F0CAB7-EE2F-4BFB-9DED-5DC4DAD60A3F} = {ED6CFF29-2D1A-49F1-9BEC-FCEDB1E0E3DC}
		{81D7706A-6C74-4002-8A3F-61120B83EB3D} = {5E1A9A4E-050B-4F3F-946D-879BA58F11C2}
		{0AC67C72-364A-468B-8154-16A54B7689A4} = {ED6CFF29-2D1A-49F1-9BEC-FCEDB1E0E3DC}
		{6FFC738A-60CE-4531-9942-E1CF6CE841CB} = {5E1A9A4E-050B-4F3F-946D-879BA58F11C2}
		{EE12DD31-0E88-4730-B996-5C17F9C494D0} = {ED6CFF29-2D1A-49F1-9BEC-FCEDB1E0E3DC}
		{CC7884A7-A19B-4945-9002-A6C09A11B537} = {5E1A9A4E-050B-4F3F-946D-879BA58F11C2}
		{C19CFA29-5BE3-49F8-9CA1-B21F648D271E} = {ED6CFF29-2D1A-49F1-9BEC-FCEDB1E0E3DC}
		{56883DD8-ECA4-4D18-A643-CE2F42B0A29E} = {5E1A9A4E-050B-4F3F-946D-879BA58F11C2}
		{04D80A04-C2CD-4ABD-9FFE-F213540CC541} = {ED6CFF29-2D1A-49F1-9BEC-FCEDB1E0E3DC}
		{FD5850CA-2EEF-4857-9A02-2AF13DDAFD6A} = {ED6CFF29-2D1A-49F1-9BEC-FCEDB1E0E3DC}
		{1E2D4708-F5E1-4663-85D4-38667F52E9F3} = {5E1A9A4E-050B-4F3F-946D-879BA58F11C2}
		{406C18E4-2D9F-4B92-8B2C-CDB3DB3FF810} = {ED6CFF29-2D1A-49F1-9BEC-FCEDB1E0E3DC}
		{B66F9938-BCFD-4040-8F35-BFC1DBD68A76} = {5E1A9A4E-050B-4F3F-946D-879BA58F11C2}
		{89749323-5CDB-4EB4-8BCE-8A9C9E0A586F} = {86D52A97-F22A-43ED-92A0-502A30181793}
		{679C78BE-58C7-4CCF-95E8-B299A127F085} = {5E1A9A4E-050B-4F3F-946D-879BA58F11C2}
		{0DC98FD7-DE25-4634-9F3A-85B2C51C7104} = {ED6CFF29-2D1A-49F1-9BEC-FCEDB1E0E3DC}
		{AD8B99EE-547B-4F35-B2AB-E3D78008587C} = {ED6CFF29-2D1A-49F1-9BEC-FCEDB1E0E3DC}
		{AF086CE6-1C7B-4CDD-9B07-D120DB3DA116} = {5E1A9A4E-050B-4F3F-946D-879BA58F11C2}
		{D1B13492-766D-4E47-91E9-15BD3DC7A9DD} = {5E1A9A4E-050B-4F3F-946D-879BA58F11C2}
		{D940F91B-21D2-40B7-8D9B-3EAD8B2AEFCC} = {ED6CFF29-2D1A-49F1-9BEC-FCEDB1E0E3DC}
		{C04D4EDE-80B2-4938-AEA4-76FBFD8E6FEE} = {5E1A9A4E-050B-4F3F-946D-879BA58F11C2}
		{37E0BD28-6580-4CDE-A791-543B7AB20C84} = {ED6CFF29-2D1A-49F1-9BEC-FCEDB1E0E3DC}
		{85C5FB4F-C6E7-451D-B423-78DC4EF08F7E} = {5E1A9A4E-050B-4F3F-946D-879BA58F11C2}
		{6A39DCE9-7590-4439-8E97-CEBC7699E546} = {ED6CFF29-2D1A-49F1-9BEC-FCEDB1E0E3DC}
		{A267553A-630F-4D6E-813A-AA62E77BDFD8} = {ED6CFF29-2D1A-49F1-9BEC-FCEDB1E0E3DC}
		{D8AA16B3-CE1C-46F6-95D2-5A108FAD4C5D} = {5E1A9A4E-050B-4F3F-946D-879BA58F11C2}
		{A75BCF4B-0E9F-408B-A895-DCBC46C37004} = {ED6CFF29-2D1A-49F1-9BEC-FCEDB1E0E3DC}
		{059E89F4-E52B-4E7B-9A17-FEB5DCEED3C7} = {5E1A9A4E-050B-4F3F-946D-879BA58F11C2}
	EndGlobalSection
	GlobalSection(ExtensibilityGlobals) = postSolution
		SolutionGuid = {9C2EF48A-F48D-416D-881F-B4E0476887D6}
	EndGlobalSection
EndGlobal
